// !$*UTF8*$!
{
	archiveVersion = 1;
	classes = {
	};
	objectVersion = 46;
	objects = {

/* Begin PBXBuildFile section */
		236254AE1650FE2200B2A141 /* Cocoa.framework in Frameworks */ = {isa = PBXBuildFile; fileRef = 236254AD1650FE2200B2A141 /* Cocoa.framework */; };
		236254B81650FE2200B2A141 /* InfoPlist.strings in Resources */ = {isa = PBXBuildFile; fileRef = 236254B61650FE2200B2A141 /* InfoPlist.strings */; };
		236254C41650FE2300B2A141 /* SenTestingKit.framework in Frameworks */ = {isa = PBXBuildFile; fileRef = 236254C31650FE2300B2A141 /* SenTestingKit.framework */; };
		236254C51650FE2300B2A141 /* Cocoa.framework in Frameworks */ = {isa = PBXBuildFile; fileRef = 236254AD1650FE2200B2A141 /* Cocoa.framework */; };
		236254C81650FE2300B2A141 /* DoubanAPICocoa.framework in Frameworks */ = {isa = PBXBuildFile; fileRef = 236254AA1650FE2200B2A141 /* DoubanAPICocoa.framework */; };
		236254CE1650FE2300B2A141 /* InfoPlist.strings in Resources */ = {isa = PBXBuildFile; fileRef = 236254CC1650FE2300B2A141 /* InfoPlist.strings */; };
		236254D11650FE2300B2A141 /* DoubanAPICocoaTests.m in Sources */ = {isa = PBXBuildFile; fileRef = 236254D01650FE2300B2A141 /* DoubanAPICocoaTests.m */; };
		2362557B165105BC00B2A141 /* NSData+Base64.h in Headers */ = {isa = PBXBuildFile; fileRef = 2362552A165105BC00B2A141 /* NSData+Base64.h */; settings = {ATTRIBUTES = (Public, ); }; };
		2362557C165105BC00B2A141 /* NSData+Base64.m in Sources */ = {isa = PBXBuildFile; fileRef = 2362552B165105BC00B2A141 /* NSData+Base64.m */; };
		2362557D165105BC00B2A141 /* JSON.h in Headers */ = {isa = PBXBuildFile; fileRef = 2362552D165105BC00B2A141 /* JSON.h */; settings = {ATTRIBUTES = (Public, ); }; };
		2362557E165105BC00B2A141 /* NSObject+SBJson.h in Headers */ = {isa = PBXBuildFile; fileRef = 2362552E165105BC00B2A141 /* NSObject+SBJson.h */; settings = {ATTRIBUTES = (Public, ); }; };
		2362557F165105BC00B2A141 /* NSObject+SBJson.m in Sources */ = {isa = PBXBuildFile; fileRef = 2362552F165105BC00B2A141 /* NSObject+SBJson.m */; };
		23625580165105BC00B2A141 /* SBJson.h in Headers */ = {isa = PBXBuildFile; fileRef = 23625530165105BC00B2A141 /* SBJson.h */; settings = {ATTRIBUTES = (Public, ); }; };
		23625581165105BC00B2A141 /* SBJsonParser.h in Headers */ = {isa = PBXBuildFile; fileRef = 23625531165105BC00B2A141 /* SBJsonParser.h */; settings = {ATTRIBUTES = (Public, ); }; };
		23625582165105BC00B2A141 /* SBJsonParser.m in Sources */ = {isa = PBXBuildFile; fileRef = 23625532165105BC00B2A141 /* SBJsonParser.m */; };
		23625583165105BC00B2A141 /* SBJsonStreamParser.h in Headers */ = {isa = PBXBuildFile; fileRef = 23625533165105BC00B2A141 /* SBJsonStreamParser.h */; settings = {ATTRIBUTES = (Public, ); }; };
		23625584165105BC00B2A141 /* SBJsonStreamParser.m in Sources */ = {isa = PBXBuildFile; fileRef = 23625534165105BC00B2A141 /* SBJsonStreamParser.m */; };
		23625585165105BC00B2A141 /* SBJsonStreamParserAccumulator.h in Headers */ = {isa = PBXBuildFile; fileRef = 23625535165105BC00B2A141 /* SBJsonStreamParserAccumulator.h */; settings = {ATTRIBUTES = (Public, ); }; };
		23625586165105BC00B2A141 /* SBJsonStreamParserAccumulator.m in Sources */ = {isa = PBXBuildFile; fileRef = 23625536165105BC00B2A141 /* SBJsonStreamParserAccumulator.m */; };
		23625587165105BC00B2A141 /* SBJsonStreamParserAdapter.h in Headers */ = {isa = PBXBuildFile; fileRef = 23625537165105BC00B2A141 /* SBJsonStreamParserAdapter.h */; settings = {ATTRIBUTES = (Public, ); }; };
		23625588165105BC00B2A141 /* SBJsonStreamParserAdapter.m in Sources */ = {isa = PBXBuildFile; fileRef = 23625538165105BC00B2A141 /* SBJsonStreamParserAdapter.m */; };
		23625589165105BC00B2A141 /* SBJsonStreamParserState.h in Headers */ = {isa = PBXBuildFile; fileRef = 23625539165105BC00B2A141 /* SBJsonStreamParserState.h */; settings = {ATTRIBUTES = (Public, ); }; };
		2362558A165105BC00B2A141 /* SBJsonStreamParserState.m in Sources */ = {isa = PBXBuildFile; fileRef = 2362553A165105BC00B2A141 /* SBJsonStreamParserState.m */; };
		2362558B165105BC00B2A141 /* SBJsonStreamWriter.h in Headers */ = {isa = PBXBuildFile; fileRef = 2362553B165105BC00B2A141 /* SBJsonStreamWriter.h */; settings = {ATTRIBUTES = (Public, ); }; };
		2362558C165105BC00B2A141 /* SBJsonStreamWriter.m in Sources */ = {isa = PBXBuildFile; fileRef = 2362553C165105BC00B2A141 /* SBJsonStreamWriter.m */; };
		2362558D165105BC00B2A141 /* SBJsonStreamWriterAccumulator.h in Headers */ = {isa = PBXBuildFile; fileRef = 2362553D165105BC00B2A141 /* SBJsonStreamWriterAccumulator.h */; settings = {ATTRIBUTES = (Public, ); }; };
		2362558E165105BC00B2A141 /* SBJsonStreamWriterAccumulator.m in Sources */ = {isa = PBXBuildFile; fileRef = 2362553E165105BC00B2A141 /* SBJsonStreamWriterAccumulator.m */; };
		2362558F165105BC00B2A141 /* SBJsonStreamWriterState.h in Headers */ = {isa = PBXBuildFile; fileRef = 2362553F165105BC00B2A141 /* SBJsonStreamWriterState.h */; settings = {ATTRIBUTES = (Public, ); }; };
		23625590165105BC00B2A141 /* SBJsonStreamWriterState.m in Sources */ = {isa = PBXBuildFile; fileRef = 23625540165105BC00B2A141 /* SBJsonStreamWriterState.m */; };
		23625591165105BC00B2A141 /* SBJsonTokeniser.h in Headers */ = {isa = PBXBuildFile; fileRef = 23625541165105BC00B2A141 /* SBJsonTokeniser.h */; settings = {ATTRIBUTES = (Public, ); }; };
		23625592165105BC00B2A141 /* SBJsonTokeniser.m in Sources */ = {isa = PBXBuildFile; fileRef = 23625542165105BC00B2A141 /* SBJsonTokeniser.m */; };
		23625593165105BC00B2A141 /* SBJsonUTF8Stream.h in Headers */ = {isa = PBXBuildFile; fileRef = 23625543165105BC00B2A141 /* SBJsonUTF8Stream.h */; settings = {ATTRIBUTES = (Public, ); }; };
		23625594165105BC00B2A141 /* SBJsonUTF8Stream.m in Sources */ = {isa = PBXBuildFile; fileRef = 23625544165105BC00B2A141 /* SBJsonUTF8Stream.m */; };
		23625595165105BC00B2A141 /* SBJsonWriter.h in Headers */ = {isa = PBXBuildFile; fileRef = 23625545165105BC00B2A141 /* SBJsonWriter.h */; settings = {ATTRIBUTES = (Public, ); }; };
		23625596165105BC00B2A141 /* SBJsonWriter.m in Sources */ = {isa = PBXBuildFile; fileRef = 23625546165105BC00B2A141 /* SBJsonWriter.m */; };
		2362559A1651060700B2A141 /* libxml2.dylib in Frameworks */ = {isa = PBXBuildFile; fileRef = 236255991651060700B2A141 /* libxml2.dylib */; };
		23625642165109DF00B2A141 /* libz.dylib in Frameworks */ = {isa = PBXBuildFile; fileRef = 23625641165109DF00B2A141 /* libz.dylib */; };
		238DF8531651E24F004B2823 /* ASICacheDelegate.h in Headers */ = {isa = PBXBuildFile; fileRef = 238DF8031651E24F004B2823 /* ASICacheDelegate.h */; settings = {ATTRIBUTES = (Public, ); }; };
		238DF8541651E24F004B2823 /* ASIDataCompressor.h in Headers */ = {isa = PBXBuildFile; fileRef = 238DF8041651E24F004B2823 /* ASIDataCompressor.h */; settings = {ATTRIBUTES = (Public, ); }; };
		238DF8551651E24F004B2823 /* ASIDataCompressor.m in Sources */ = {isa = PBXBuildFile; fileRef = 238DF8051651E24F004B2823 /* ASIDataCompressor.m */; };
		238DF8561651E24F004B2823 /* ASIDataDecompressor.h in Headers */ = {isa = PBXBuildFile; fileRef = 238DF8061651E24F004B2823 /* ASIDataDecompressor.h */; settings = {ATTRIBUTES = (Public, ); }; };
		238DF8571651E24F004B2823 /* ASIDataDecompressor.m in Sources */ = {isa = PBXBuildFile; fileRef = 238DF8071651E24F004B2823 /* ASIDataDecompressor.m */; };
		238DF8581651E24F004B2823 /* ASIDownloadCache.h in Headers */ = {isa = PBXBuildFile; fileRef = 238DF8081651E24F004B2823 /* ASIDownloadCache.h */; settings = {ATTRIBUTES = (Public, ); }; };
		238DF8591651E24F004B2823 /* ASIDownloadCache.m in Sources */ = {isa = PBXBuildFile; fileRef = 238DF8091651E24F004B2823 /* ASIDownloadCache.m */; };
		238DF85A1651E24F004B2823 /* ASIFormDataRequest.h in Headers */ = {isa = PBXBuildFile; fileRef = 238DF80A1651E24F004B2823 /* ASIFormDataRequest.h */; settings = {ATTRIBUTES = (Public, ); }; };
		238DF85B1651E24F004B2823 /* ASIFormDataRequest.m in Sources */ = {isa = PBXBuildFile; fileRef = 238DF80B1651E24F004B2823 /* ASIFormDataRequest.m */; };
		238DF85C1651E24F004B2823 /* ASIHTTPRequest.h in Headers */ = {isa = PBXBuildFile; fileRef = 238DF80C1651E24F004B2823 /* ASIHTTPRequest.h */; settings = {ATTRIBUTES = (Public, ); }; };
		238DF85D1651E24F004B2823 /* ASIHTTPRequest.m in Sources */ = {isa = PBXBuildFile; fileRef = 238DF80D1651E24F004B2823 /* ASIHTTPRequest.m */; };
		238DF85E1651E24F004B2823 /* ASIHTTPRequestConfig.h in Headers */ = {isa = PBXBuildFile; fileRef = 238DF80E1651E24F004B2823 /* ASIHTTPRequestConfig.h */; settings = {ATTRIBUTES = (Public, ); }; };
		238DF85F1651E24F004B2823 /* ASIHTTPRequestDelegate.h in Headers */ = {isa = PBXBuildFile; fileRef = 238DF80F1651E24F004B2823 /* ASIHTTPRequestDelegate.h */; settings = {ATTRIBUTES = (Public, ); }; };
		238DF8601651E24F004B2823 /* ASIInputStream.h in Headers */ = {isa = PBXBuildFile; fileRef = 238DF8101651E24F004B2823 /* ASIInputStream.h */; settings = {ATTRIBUTES = (Public, ); }; };
		238DF8611651E24F004B2823 /* ASIInputStream.m in Sources */ = {isa = PBXBuildFile; fileRef = 238DF8111651E24F004B2823 /* ASIInputStream.m */; };
		238DF8621651E24F004B2823 /* ASINetworkQueue.h in Headers */ = {isa = PBXBuildFile; fileRef = 238DF8121651E24F004B2823 /* ASINetworkQueue.h */; settings = {ATTRIBUTES = (Public, ); }; };
		238DF8631651E24F004B2823 /* ASINetworkQueue.m in Sources */ = {isa = PBXBuildFile; fileRef = 238DF8131651E24F004B2823 /* ASINetworkQueue.m */; };
		238DF8641651E24F004B2823 /* ASIProgressDelegate.h in Headers */ = {isa = PBXBuildFile; fileRef = 238DF8141651E24F004B2823 /* ASIProgressDelegate.h */; settings = {ATTRIBUTES = (Public, ); }; };
		238DF8651651E24F004B2823 /* ASIWebPageRequest.h in Headers */ = {isa = PBXBuildFile; fileRef = 238DF8161651E24F004B2823 /* ASIWebPageRequest.h */; settings = {ATTRIBUTES = (Public, ); }; };
		238DF8661651E24F004B2823 /* ASIWebPageRequest.m in Sources */ = {isa = PBXBuildFile; fileRef = 238DF8171651E24F004B2823 /* ASIWebPageRequest.m */; };
		238DF8671651E24F004B2823 /* ASICloudFilesCDNRequest.h in Headers */ = {isa = PBXBuildFile; fileRef = 238DF8191651E24F004B2823 /* ASICloudFilesCDNRequest.h */; settings = {ATTRIBUTES = (Public, ); }; };
		238DF8681651E24F004B2823 /* ASICloudFilesCDNRequest.m in Sources */ = {isa = PBXBuildFile; fileRef = 238DF81A1651E24F004B2823 /* ASICloudFilesCDNRequest.m */; };
		238DF8691651E24F004B2823 /* ASICloudFilesContainer.h in Headers */ = {isa = PBXBuildFile; fileRef = 238DF81B1651E24F004B2823 /* ASICloudFilesContainer.h */; settings = {ATTRIBUTES = (Public, ); }; };
		238DF86A1651E24F004B2823 /* ASICloudFilesContainer.m in Sources */ = {isa = PBXBuildFile; fileRef = 238DF81C1651E24F004B2823 /* ASICloudFilesContainer.m */; };
		238DF86B1651E24F004B2823 /* ASICloudFilesContainerRequest.h in Headers */ = {isa = PBXBuildFile; fileRef = 238DF81D1651E24F004B2823 /* ASICloudFilesContainerRequest.h */; settings = {ATTRIBUTES = (Public, ); }; };
		238DF86C1651E24F004B2823 /* ASICloudFilesContainerRequest.m in Sources */ = {isa = PBXBuildFile; fileRef = 238DF81E1651E24F004B2823 /* ASICloudFilesContainerRequest.m */; };
		238DF86D1651E24F004B2823 /* ASICloudFilesContainerXMLParserDelegate.h in Headers */ = {isa = PBXBuildFile; fileRef = 238DF81F1651E24F004B2823 /* ASICloudFilesContainerXMLParserDelegate.h */; settings = {ATTRIBUTES = (Public, ); }; };
		238DF86E1651E24F004B2823 /* ASICloudFilesContainerXMLParserDelegate.m in Sources */ = {isa = PBXBuildFile; fileRef = 238DF8201651E24F004B2823 /* ASICloudFilesContainerXMLParserDelegate.m */; };
		238DF86F1651E24F004B2823 /* ASICloudFilesObject.h in Headers */ = {isa = PBXBuildFile; fileRef = 238DF8211651E24F004B2823 /* ASICloudFilesObject.h */; settings = {ATTRIBUTES = (Public, ); }; };
		238DF8701651E24F004B2823 /* ASICloudFilesObject.m in Sources */ = {isa = PBXBuildFile; fileRef = 238DF8221651E24F004B2823 /* ASICloudFilesObject.m */; };
		238DF8711651E24F004B2823 /* ASICloudFilesObjectRequest.h in Headers */ = {isa = PBXBuildFile; fileRef = 238DF8231651E24F004B2823 /* ASICloudFilesObjectRequest.h */; settings = {ATTRIBUTES = (Public, ); }; };
		238DF8721651E24F004B2823 /* ASICloudFilesObjectRequest.m in Sources */ = {isa = PBXBuildFile; fileRef = 238DF8241651E24F004B2823 /* ASICloudFilesObjectRequest.m */; };
		238DF8731651E24F004B2823 /* ASICloudFilesRequest.h in Headers */ = {isa = PBXBuildFile; fileRef = 238DF8251651E24F004B2823 /* ASICloudFilesRequest.h */; settings = {ATTRIBUTES = (Public, ); }; };
		238DF8741651E24F004B2823 /* ASICloudFilesRequest.m in Sources */ = {isa = PBXBuildFile; fileRef = 238DF8261651E24F004B2823 /* ASICloudFilesRequest.m */; };
		238DF8751651E24F004B2823 /* ASINSXMLParserCompat.h in Headers */ = {isa = PBXBuildFile; fileRef = 238DF8281651E24F004B2823 /* ASINSXMLParserCompat.h */; settings = {ATTRIBUTES = (Public, ); }; };
		238DF8761651E24F004B2823 /* ASIS3Bucket.h in Headers */ = {isa = PBXBuildFile; fileRef = 238DF8291651E24F004B2823 /* ASIS3Bucket.h */; settings = {ATTRIBUTES = (Public, ); }; };
		238DF8771651E24F004B2823 /* ASIS3Bucket.m in Sources */ = {isa = PBXBuildFile; fileRef = 238DF82A1651E24F004B2823 /* ASIS3Bucket.m */; };
		238DF8781651E24F004B2823 /* ASIS3BucketObject.h in Headers */ = {isa = PBXBuildFile; fileRef = 238DF82B1651E24F004B2823 /* ASIS3BucketObject.h */; settings = {ATTRIBUTES = (Public, ); }; };
		238DF8791651E24F004B2823 /* ASIS3BucketObject.m in Sources */ = {isa = PBXBuildFile; fileRef = 238DF82C1651E24F004B2823 /* ASIS3BucketObject.m */; };
		238DF87A1651E24F004B2823 /* ASIS3BucketRequest.h in Headers */ = {isa = PBXBuildFile; fileRef = 238DF82D1651E24F004B2823 /* ASIS3BucketRequest.h */; settings = {ATTRIBUTES = (Public, ); }; };
		238DF87B1651E24F004B2823 /* ASIS3BucketRequest.m in Sources */ = {isa = PBXBuildFile; fileRef = 238DF82E1651E24F004B2823 /* ASIS3BucketRequest.m */; };
		238DF87C1651E24F004B2823 /* ASIS3ObjectRequest.h in Headers */ = {isa = PBXBuildFile; fileRef = 238DF82F1651E24F004B2823 /* ASIS3ObjectRequest.h */; settings = {ATTRIBUTES = (Public, ); }; };
		238DF87D1651E24F004B2823 /* ASIS3ObjectRequest.m in Sources */ = {isa = PBXBuildFile; fileRef = 238DF8301651E24F004B2823 /* ASIS3ObjectRequest.m */; };
		238DF87E1651E24F004B2823 /* ASIS3Request.h in Headers */ = {isa = PBXBuildFile; fileRef = 238DF8311651E24F004B2823 /* ASIS3Request.h */; settings = {ATTRIBUTES = (Public, ); }; };
		238DF87F1651E24F004B2823 /* ASIS3Request.m in Sources */ = {isa = PBXBuildFile; fileRef = 238DF8321651E24F004B2823 /* ASIS3Request.m */; };
		238DF8801651E24F004B2823 /* ASIS3ServiceRequest.h in Headers */ = {isa = PBXBuildFile; fileRef = 238DF8331651E24F004B2823 /* ASIS3ServiceRequest.h */; settings = {ATTRIBUTES = (Public, ); }; };
		238DF8811651E24F004B2823 /* ASIS3ServiceRequest.m in Sources */ = {isa = PBXBuildFile; fileRef = 238DF8341651E24F004B2823 /* ASIS3ServiceRequest.m */; };
		238DF8A11651E2B3004B2823 /* SystemConfiguration.framework in Frameworks */ = {isa = PBXBuildFile; fileRef = 238DF8A01651E2B3004B2823 /* SystemConfiguration.framework */; };
		238DF8A31651E2E3004B2823 /* CoreServices.framework in Frameworks */ = {isa = PBXBuildFile; fileRef = 238DF8A21651E2E3004B2823 /* CoreServices.framework */; };
		238DF8A91651E576004B2823 /* OAuthService.h in Headers */ = {isa = PBXBuildFile; fileRef = 238DF8A41651E576004B2823 /* OAuthService.h */; settings = {ATTRIBUTES = (Public, ); }; };
		238DF8AA1651E576004B2823 /* OAuth2.h in Headers */ = {isa = PBXBuildFile; fileRef = 238DF8A51651E576004B2823 /* OAuth2.h */; settings = {ATTRIBUTES = (Public, ); }; };
		238DF8AB1651E576004B2823 /* OAuthStore.h in Headers */ = {isa = PBXBuildFile; fileRef = 238DF8A61651E576004B2823 /* OAuthStore.h */; settings = {ATTRIBUTES = (Public, ); }; };
		238DF8AC1651E576004B2823 /* OAuthStore.m in Sources */ = {isa = PBXBuildFile; fileRef = 238DF8A71651E576004B2823 /* OAuthStore.m */; };
		238DF8AD1651E576004B2823 /* OAuthService.m in Sources */ = {isa = PBXBuildFile; fileRef = 238DF8A81651E576004B2823 /* OAuthService.m */; };
		238DF8B41651E5A1004B2823 /* HttpRequest.m in Sources */ = {isa = PBXBuildFile; fileRef = 238DF8AE1651E5A1004B2823 /* HttpRequest.m */; };
		238DF8B51651E5A1004B2823 /* Service.h in Headers */ = {isa = PBXBuildFile; fileRef = 238DF8AF1651E5A1004B2823 /* Service.h */; settings = {ATTRIBUTES = (Public, ); }; };
		238DF8B61651E5A1004B2823 /* Service.m in Sources */ = {isa = PBXBuildFile; fileRef = 238DF8B01651E5A1004B2823 /* Service.m */; };
		238DF8B71651E5A1004B2823 /* Query.h in Headers */ = {isa = PBXBuildFile; fileRef = 238DF8B11651E5A1004B2823 /* Query.h */; settings = {ATTRIBUTES = (Public, ); }; };
		238DF8B81651E5A1004B2823 /* Query.m in Sources */ = {isa = PBXBuildFile; fileRef = 238DF8B21651E5A1004B2823 /* Query.m */; };
		238DF8B91651E5A1004B2823 /* HttpRequest.h in Headers */ = {isa = PBXBuildFile; fileRef = 238DF8B31651E5A1004B2823 /* HttpRequest.h */; settings = {ATTRIBUTES = (Public, ); }; };
		23BB02B2166C548400930FFD /* DOUComment.h in Headers */ = {isa = PBXBuildFile; fileRef = 23BB0292166C548400930FFD /* DOUComment.h */; settings = {ATTRIBUTES = (Public, ); }; };
		23BB02B3166C548400930FFD /* DOUComment.m in Sources */ = {isa = PBXBuildFile; fileRef = 23BB0293166C548400930FFD /* DOUComment.m */; };
		23BB02B4166C548400930FFD /* DOUCommentArray.h in Headers */ = {isa = PBXBuildFile; fileRef = 23BB0294166C548400930FFD /* DOUCommentArray.h */; settings = {ATTRIBUTES = (Public, ); }; };
		23BB02B5166C548400930FFD /* DOUCommentArray.m in Sources */ = {isa = PBXBuildFile; fileRef = 23BB0295166C548400930FFD /* DOUCommentArray.m */; };
		23BB02B6166C548400930FFD /* DOUOnline.h in Headers */ = {isa = PBXBuildFile; fileRef = 23BB0296166C548400930FFD /* DOUOnline.h */; settings = {ATTRIBUTES = (Public, ); }; };
		23BB02B7166C548400930FFD /* DOUOnline.m in Sources */ = {isa = PBXBuildFile; fileRef = 23BB0297166C548400930FFD /* DOUOnline.m */; };
		23BB02B8166C548400930FFD /* DOUOnlineArray.h in Headers */ = {isa = PBXBuildFile; fileRef = 23BB0298166C548400930FFD /* DOUOnlineArray.h */; settings = {ATTRIBUTES = (Public, ); }; };
		23BB02B9166C548400930FFD /* DOUOnlineArray.m in Sources */ = {isa = PBXBuildFile; fileRef = 23BB0299166C548400930FFD /* DOUOnlineArray.m */; };
		23BB02BA166C548400930FFD /* DOUUser.h in Headers */ = {isa = PBXBuildFile; fileRef = 23BB029A166C548400930FFD /* DOUUser.h */; settings = {ATTRIBUTES = (Public, ); }; };
		23BB02BB166C548400930FFD /* DOUUser.m in Sources */ = {isa = PBXBuildFile; fileRef = 23BB029B166C548400930FFD /* DOUUser.m */; };
		23BB02BC166C548400930FFD /* DOUObject.h in Headers */ = {isa = PBXBuildFile; fileRef = 23BB029C166C548400930FFD /* DOUObject.h */; settings = {ATTRIBUTES = (Public, ); }; };
		23BB02BD166C548400930FFD /* DOUObject.m in Sources */ = {isa = PBXBuildFile; fileRef = 23BB029D166C548400930FFD /* DOUObject.m */; };
		23BB02BE166C548400930FFD /* DOUObject+Utils.h in Headers */ = {isa = PBXBuildFile; fileRef = 23BB029E166C548400930FFD /* DOUObject+Utils.h */; settings = {ATTRIBUTES = (Public, ); }; };
		23BB02BF166C548400930FFD /* DOUObject+Utils.m in Sources */ = {isa = PBXBuildFile; fileRef = 23BB029F166C548400930FFD /* DOUObject+Utils.m */; };
		23BB02C0166C548400930FFD /* DOUObjectArray.h in Headers */ = {isa = PBXBuildFile; fileRef = 23BB02A0166C548400930FFD /* DOUObjectArray.h */; settings = {ATTRIBUTES = (Public, ); }; };
		23BB02C1166C548400930FFD /* DOUObjectArray.m in Sources */ = {isa = PBXBuildFile; fileRef = 23BB02A1166C548400930FFD /* DOUObjectArray.m */; };
		23BB02C2166C548400930FFD /* DOUEvent.h in Headers */ = {isa = PBXBuildFile; fileRef = 23BB02A3166C548400930FFD /* DOUEvent.h */; settings = {ATTRIBUTES = (Public, ); }; };
		23BB02C3166C548400930FFD /* DOUEvent.m in Sources */ = {isa = PBXBuildFile; fileRef = 23BB02A4166C548400930FFD /* DOUEvent.m */; };
		23BB02C4166C548400930FFD /* DOUEventArray.h in Headers */ = {isa = PBXBuildFile; fileRef = 23BB02A5166C548400930FFD /* DOUEventArray.h */; settings = {ATTRIBUTES = (Public, ); }; };
		23BB02C5166C548400930FFD /* DOUEventArray.m in Sources */ = {isa = PBXBuildFile; fileRef = 23BB02A6166C548400930FFD /* DOUEventArray.m */; };
		23BB02C6166C548400930FFD /* DOULoc.h in Headers */ = {isa = PBXBuildFile; fileRef = 23BB02A7166C548400930FFD /* DOULoc.h */; settings = {ATTRIBUTES = (Public, ); }; };
		23BB02C7166C548400930FFD /* DOULoc.m in Sources */ = {isa = PBXBuildFile; fileRef = 23BB02A8166C548400930FFD /* DOULoc.m */; };
		23BB02C8166C548400930FFD /* DOULocArray.h in Headers */ = {isa = PBXBuildFile; fileRef = 23BB02A9166C548400930FFD /* DOULocArray.h */; settings = {ATTRIBUTES = (Public, ); }; };
		23BB02C9166C548400930FFD /* DOULocArray.m in Sources */ = {isa = PBXBuildFile; fileRef = 23BB02AA166C548400930FFD /* DOULocArray.m */; };
		23BB02CA166C548400930FFD /* DOUAlbum.h in Headers */ = {isa = PBXBuildFile; fileRef = 23BB02AC166C548400930FFD /* DOUAlbum.h */; settings = {ATTRIBUTES = (Public, ); }; };
		23BB02CB166C548400930FFD /* DOUAlbum.m in Sources */ = {isa = PBXBuildFile; fileRef = 23BB02AD166C548400930FFD /* DOUAlbum.m */; };
		23BB02CC166C548400930FFD /* DOUPhoto.h in Headers */ = {isa = PBXBuildFile; fileRef = 23BB02AE166C548400930FFD /* DOUPhoto.h */; settings = {ATTRIBUTES = (Public, ); }; };
		23BB02CD166C548400930FFD /* DOUPhoto.m in Sources */ = {isa = PBXBuildFile; fileRef = 23BB02AF166C548400930FFD /* DOUPhoto.m */; };
		23BB02CE166C548400930FFD /* DOUPhotoArray.h in Headers */ = {isa = PBXBuildFile; fileRef = 23BB02B0166C548400930FFD /* DOUPhotoArray.h */; settings = {ATTRIBUTES = (Public, ); }; };
		23BB02CF166C548400930FFD /* DOUPhotoArray.m in Sources */ = {isa = PBXBuildFile; fileRef = 23BB02B1166C548400930FFD /* DOUPhotoArray.m */; };
		23E84081165230DF0042F413 /* Config.h in Headers */ = {isa = PBXBuildFile; fileRef = 23E8407F165230DF0042F413 /* Config.h */; settings = {ATTRIBUTES = (Public, ); }; };
		23E84082165230DF0042F413 /* Config.m in Sources */ = {isa = PBXBuildFile; fileRef = 23E84080165230DF0042F413 /* Config.m */; };
/* End PBXBuildFile section */

/* Begin PBXContainerItemProxy section */
		236254C61650FE2300B2A141 /* PBXContainerItemProxy */ = {
			isa = PBXContainerItemProxy;
			containerPortal = 236254A01650FE2200B2A141 /* Project object */;
			proxyType = 1;
			remoteGlobalIDString = 236254A91650FE2200B2A141;
			remoteInfo = DoubanAPICocoa;
		};
/* End PBXContainerItemProxy section */

/* Begin PBXFileReference section */
		236254AA1650FE2200B2A141 /* DoubanAPICocoa.framework */ = {isa = PBXFileReference; explicitFileType = wrapper.framework; includeInIndex = 0; path = DoubanAPICocoa.framework; sourceTree = BUILT_PRODUCTS_DIR; };
		236254AD1650FE2200B2A141 /* Cocoa.framework */ = {isa = PBXFileReference; lastKnownFileType = wrapper.framework; name = Cocoa.framework; path = System/Library/Frameworks/Cocoa.framework; sourceTree = SDKROOT; };
		236254B01650FE2200B2A141 /* AppKit.framework */ = {isa = PBXFileReference; lastKnownFileType = wrapper.framework; name = AppKit.framework; path = System/Library/Frameworks/AppKit.framework; sourceTree = SDKROOT; };
		236254B11650FE2200B2A141 /* CoreData.framework */ = {isa = PBXFileReference; lastKnownFileType = wrapper.framework; name = CoreData.framework; path = System/Library/Frameworks/CoreData.framework; sourceTree = SDKROOT; };
		236254B21650FE2200B2A141 /* Foundation.framework */ = {isa = PBXFileReference; lastKnownFileType = wrapper.framework; name = Foundation.framework; path = System/Library/Frameworks/Foundation.framework; sourceTree = SDKROOT; };
		236254B51650FE2200B2A141 /* DoubanAPICocoa-Info.plist */ = {isa = PBXFileReference; lastKnownFileType = text.plist.xml; path = "DoubanAPICocoa-Info.plist"; sourceTree = "<group>"; };
		236254B71650FE2200B2A141 /* en */ = {isa = PBXFileReference; lastKnownFileType = text.plist.strings; name = en; path = en.lproj/InfoPlist.strings; sourceTree = "<group>"; };
		236254B91650FE2200B2A141 /* DoubanAPICocoa-Prefix.pch */ = {isa = PBXFileReference; lastKnownFileType = sourcecode.c.h; path = "DoubanAPICocoa-Prefix.pch"; sourceTree = "<group>"; };
		236254C21650FE2300B2A141 /* DoubanAPICocoaTests.octest */ = {isa = PBXFileReference; explicitFileType = wrapper.cfbundle; includeInIndex = 0; path = DoubanAPICocoaTests.octest; sourceTree = BUILT_PRODUCTS_DIR; };
		236254C31650FE2300B2A141 /* SenTestingKit.framework */ = {isa = PBXFileReference; lastKnownFileType = wrapper.framework; name = SenTestingKit.framework; path = Library/Frameworks/SenTestingKit.framework; sourceTree = DEVELOPER_DIR; };
		236254CB1650FE2300B2A141 /* DoubanAPICocoaTests-Info.plist */ = {isa = PBXFileReference; lastKnownFileType = text.plist.xml; path = "DoubanAPICocoaTests-Info.plist"; sourceTree = "<group>"; };
		236254CD1650FE2300B2A141 /* en */ = {isa = PBXFileReference; lastKnownFileType = text.plist.strings; name = en; path = en.lproj/InfoPlist.strings; sourceTree = "<group>"; };
		236254CF1650FE2300B2A141 /* DoubanAPICocoaTests.h */ = {isa = PBXFileReference; lastKnownFileType = sourcecode.c.h; path = DoubanAPICocoaTests.h; sourceTree = "<group>"; };
		236254D01650FE2300B2A141 /* DoubanAPICocoaTests.m */ = {isa = PBXFileReference; lastKnownFileType = sourcecode.c.objc; path = DoubanAPICocoaTests.m; sourceTree = "<group>"; };
		2362552A165105BC00B2A141 /* NSData+Base64.h */ = {isa = PBXFileReference; fileEncoding = 4; lastKnownFileType = sourcecode.c.h; path = "NSData+Base64.h"; sourceTree = "<group>"; };
		2362552B165105BC00B2A141 /* NSData+Base64.m */ = {isa = PBXFileReference; fileEncoding = 4; lastKnownFileType = sourcecode.c.objc; path = "NSData+Base64.m"; sourceTree = "<group>"; };
		2362552D165105BC00B2A141 /* JSON.h */ = {isa = PBXFileReference; fileEncoding = 4; lastKnownFileType = sourcecode.c.h; path = JSON.h; sourceTree = "<group>"; };
		2362552E165105BC00B2A141 /* NSObject+SBJson.h */ = {isa = PBXFileReference; fileEncoding = 4; lastKnownFileType = sourcecode.c.h; path = "NSObject+SBJson.h"; sourceTree = "<group>"; };
		2362552F165105BC00B2A141 /* NSObject+SBJson.m */ = {isa = PBXFileReference; fileEncoding = 4; lastKnownFileType = sourcecode.c.objc; path = "NSObject+SBJson.m"; sourceTree = "<group>"; };
		23625530165105BC00B2A141 /* SBJson.h */ = {isa = PBXFileReference; fileEncoding = 4; lastKnownFileType = sourcecode.c.h; path = SBJson.h; sourceTree = "<group>"; };
		23625531165105BC00B2A141 /* SBJsonParser.h */ = {isa = PBXFileReference; fileEncoding = 4; lastKnownFileType = sourcecode.c.h; path = SBJsonParser.h; sourceTree = "<group>"; };
		23625532165105BC00B2A141 /* SBJsonParser.m */ = {isa = PBXFileReference; fileEncoding = 4; lastKnownFileType = sourcecode.c.objc; path = SBJsonParser.m; sourceTree = "<group>"; };
		23625533165105BC00B2A141 /* SBJsonStreamParser.h */ = {isa = PBXFileReference; fileEncoding = 4; lastKnownFileType = sourcecode.c.h; path = SBJsonStreamParser.h; sourceTree = "<group>"; };
		23625534165105BC00B2A141 /* SBJsonStreamParser.m */ = {isa = PBXFileReference; fileEncoding = 4; lastKnownFileType = sourcecode.c.objc; path = SBJsonStreamParser.m; sourceTree = "<group>"; };
		23625535165105BC00B2A141 /* SBJsonStreamParserAccumulator.h */ = {isa = PBXFileReference; fileEncoding = 4; lastKnownFileType = sourcecode.c.h; path = SBJsonStreamParserAccumulator.h; sourceTree = "<group>"; };
		23625536165105BC00B2A141 /* SBJsonStreamParserAccumulator.m */ = {isa = PBXFileReference; fileEncoding = 4; lastKnownFileType = sourcecode.c.objc; path = SBJsonStreamParserAccumulator.m; sourceTree = "<group>"; };
		23625537165105BC00B2A141 /* SBJsonStreamParserAdapter.h */ = {isa = PBXFileReference; fileEncoding = 4; lastKnownFileType = sourcecode.c.h; path = SBJsonStreamParserAdapter.h; sourceTree = "<group>"; };
		23625538165105BC00B2A141 /* SBJsonStreamParserAdapter.m */ = {isa = PBXFileReference; fileEncoding = 4; lastKnownFileType = sourcecode.c.objc; path = SBJsonStreamParserAdapter.m; sourceTree = "<group>"; };
		23625539165105BC00B2A141 /* SBJsonStreamParserState.h */ = {isa = PBXFileReference; fileEncoding = 4; lastKnownFileType = sourcecode.c.h; path = SBJsonStreamParserState.h; sourceTree = "<group>"; };
		2362553A165105BC00B2A141 /* SBJsonStreamParserState.m */ = {isa = PBXFileReference; fileEncoding = 4; lastKnownFileType = sourcecode.c.objc; path = SBJsonStreamParserState.m; sourceTree = "<group>"; };
		2362553B165105BC00B2A141 /* SBJsonStreamWriter.h */ = {isa = PBXFileReference; fileEncoding = 4; lastKnownFileType = sourcecode.c.h; path = SBJsonStreamWriter.h; sourceTree = "<group>"; };
		2362553C165105BC00B2A141 /* SBJsonStreamWriter.m */ = {isa = PBXFileReference; fileEncoding = 4; lastKnownFileType = sourcecode.c.objc; path = SBJsonStreamWriter.m; sourceTree = "<group>"; };
		2362553D165105BC00B2A141 /* SBJsonStreamWriterAccumulator.h */ = {isa = PBXFileReference; fileEncoding = 4; lastKnownFileType = sourcecode.c.h; path = SBJsonStreamWriterAccumulator.h; sourceTree = "<group>"; };
		2362553E165105BC00B2A141 /* SBJsonStreamWriterAccumulator.m */ = {isa = PBXFileReference; fileEncoding = 4; lastKnownFileType = sourcecode.c.objc; path = SBJsonStreamWriterAccumulator.m; sourceTree = "<group>"; };
		2362553F165105BC00B2A141 /* SBJsonStreamWriterState.h */ = {isa = PBXFileReference; fileEncoding = 4; lastKnownFileType = sourcecode.c.h; path = SBJsonStreamWriterState.h; sourceTree = "<group>"; };
		23625540165105BC00B2A141 /* SBJsonStreamWriterState.m */ = {isa = PBXFileReference; fileEncoding = 4; lastKnownFileType = sourcecode.c.objc; path = SBJsonStreamWriterState.m; sourceTree = "<group>"; };
		23625541165105BC00B2A141 /* SBJsonTokeniser.h */ = {isa = PBXFileReference; fileEncoding = 4; lastKnownFileType = sourcecode.c.h; path = SBJsonTokeniser.h; sourceTree = "<group>"; };
		23625542165105BC00B2A141 /* SBJsonTokeniser.m */ = {isa = PBXFileReference; fileEncoding = 4; lastKnownFileType = sourcecode.c.objc; path = SBJsonTokeniser.m; sourceTree = "<group>"; };
		23625543165105BC00B2A141 /* SBJsonUTF8Stream.h */ = {isa = PBXFileReference; fileEncoding = 4; lastKnownFileType = sourcecode.c.h; path = SBJsonUTF8Stream.h; sourceTree = "<group>"; };
		23625544165105BC00B2A141 /* SBJsonUTF8Stream.m */ = {isa = PBXFileReference; fileEncoding = 4; lastKnownFileType = sourcecode.c.objc; path = SBJsonUTF8Stream.m; sourceTree = "<group>"; };
		23625545165105BC00B2A141 /* SBJsonWriter.h */ = {isa = PBXFileReference; fileEncoding = 4; lastKnownFileType = sourcecode.c.h; path = SBJsonWriter.h; sourceTree = "<group>"; };
		23625546165105BC00B2A141 /* SBJsonWriter.m */ = {isa = PBXFileReference; fileEncoding = 4; lastKnownFileType = sourcecode.c.objc; path = SBJsonWriter.m; sourceTree = "<group>"; };
		236255991651060700B2A141 /* libxml2.dylib */ = {isa = PBXFileReference; lastKnownFileType = "compiled.mach-o.dylib"; name = libxml2.dylib; path = usr/lib/libxml2.dylib; sourceTree = SDKROOT; };
		23625641165109DF00B2A141 /* libz.dylib */ = {isa = PBXFileReference; lastKnownFileType = "compiled.mach-o.dylib"; name = libz.dylib; path = usr/lib/libz.dylib; sourceTree = SDKROOT; };
		238DF8031651E24F004B2823 /* ASICacheDelegate.h */ = {isa = PBXFileReference; fileEncoding = 4; lastKnownFileType = sourcecode.c.h; path = ASICacheDelegate.h; sourceTree = "<group>"; };
		238DF8041651E24F004B2823 /* ASIDataCompressor.h */ = {isa = PBXFileReference; fileEncoding = 4; lastKnownFileType = sourcecode.c.h; path = ASIDataCompressor.h; sourceTree = "<group>"; };
		238DF8051651E24F004B2823 /* ASIDataCompressor.m */ = {isa = PBXFileReference; fileEncoding = 4; lastKnownFileType = sourcecode.c.objc; path = ASIDataCompressor.m; sourceTree = "<group>"; };
		238DF8061651E24F004B2823 /* ASIDataDecompressor.h */ = {isa = PBXFileReference; fileEncoding = 4; lastKnownFileType = sourcecode.c.h; path = ASIDataDecompressor.h; sourceTree = "<group>"; };
		238DF8071651E24F004B2823 /* ASIDataDecompressor.m */ = {isa = PBXFileReference; fileEncoding = 4; lastKnownFileType = sourcecode.c.objc; path = ASIDataDecompressor.m; sourceTree = "<group>"; };
		238DF8081651E24F004B2823 /* ASIDownloadCache.h */ = {isa = PBXFileReference; fileEncoding = 4; lastKnownFileType = sourcecode.c.h; path = ASIDownloadCache.h; sourceTree = "<group>"; };
		238DF8091651E24F004B2823 /* ASIDownloadCache.m */ = {isa = PBXFileReference; fileEncoding = 4; lastKnownFileType = sourcecode.c.objc; path = ASIDownloadCache.m; sourceTree = "<group>"; };
		238DF80A1651E24F004B2823 /* ASIFormDataRequest.h */ = {isa = PBXFileReference; fileEncoding = 4; lastKnownFileType = sourcecode.c.h; path = ASIFormDataRequest.h; sourceTree = "<group>"; };
		238DF80B1651E24F004B2823 /* ASIFormDataRequest.m */ = {isa = PBXFileReference; fileEncoding = 4; lastKnownFileType = sourcecode.c.objc; path = ASIFormDataRequest.m; sourceTree = "<group>"; };
		238DF80C1651E24F004B2823 /* ASIHTTPRequest.h */ = {isa = PBXFileReference; fileEncoding = 4; lastKnownFileType = sourcecode.c.h; path = ASIHTTPRequest.h; sourceTree = "<group>"; };
		238DF80D1651E24F004B2823 /* ASIHTTPRequest.m */ = {isa = PBXFileReference; fileEncoding = 4; lastKnownFileType = sourcecode.c.objc; path = ASIHTTPRequest.m; sourceTree = "<group>"; };
		238DF80E1651E24F004B2823 /* ASIHTTPRequestConfig.h */ = {isa = PBXFileReference; fileEncoding = 4; lastKnownFileType = sourcecode.c.h; path = ASIHTTPRequestConfig.h; sourceTree = "<group>"; };
		238DF80F1651E24F004B2823 /* ASIHTTPRequestDelegate.h */ = {isa = PBXFileReference; fileEncoding = 4; lastKnownFileType = sourcecode.c.h; path = ASIHTTPRequestDelegate.h; sourceTree = "<group>"; };
		238DF8101651E24F004B2823 /* ASIInputStream.h */ = {isa = PBXFileReference; fileEncoding = 4; lastKnownFileType = sourcecode.c.h; path = ASIInputStream.h; sourceTree = "<group>"; };
		238DF8111651E24F004B2823 /* ASIInputStream.m */ = {isa = PBXFileReference; fileEncoding = 4; lastKnownFileType = sourcecode.c.objc; path = ASIInputStream.m; sourceTree = "<group>"; };
		238DF8121651E24F004B2823 /* ASINetworkQueue.h */ = {isa = PBXFileReference; fileEncoding = 4; lastKnownFileType = sourcecode.c.h; path = ASINetworkQueue.h; sourceTree = "<group>"; };
		238DF8131651E24F004B2823 /* ASINetworkQueue.m */ = {isa = PBXFileReference; fileEncoding = 4; lastKnownFileType = sourcecode.c.objc; path = ASINetworkQueue.m; sourceTree = "<group>"; };
		238DF8141651E24F004B2823 /* ASIProgressDelegate.h */ = {isa = PBXFileReference; fileEncoding = 4; lastKnownFileType = sourcecode.c.h; path = ASIProgressDelegate.h; sourceTree = "<group>"; };
		238DF8161651E24F004B2823 /* ASIWebPageRequest.h */ = {isa = PBXFileReference; fileEncoding = 4; lastKnownFileType = sourcecode.c.h; path = ASIWebPageRequest.h; sourceTree = "<group>"; };
		238DF8171651E24F004B2823 /* ASIWebPageRequest.m */ = {isa = PBXFileReference; fileEncoding = 4; lastKnownFileType = sourcecode.c.objc; path = ASIWebPageRequest.m; sourceTree = "<group>"; };
		238DF8191651E24F004B2823 /* ASICloudFilesCDNRequest.h */ = {isa = PBXFileReference; fileEncoding = 4; lastKnownFileType = sourcecode.c.h; path = ASICloudFilesCDNRequest.h; sourceTree = "<group>"; };
		238DF81A1651E24F004B2823 /* ASICloudFilesCDNRequest.m */ = {isa = PBXFileReference; fileEncoding = 4; lastKnownFileType = sourcecode.c.objc; path = ASICloudFilesCDNRequest.m; sourceTree = "<group>"; };
		238DF81B1651E24F004B2823 /* ASICloudFilesContainer.h */ = {isa = PBXFileReference; fileEncoding = 4; lastKnownFileType = sourcecode.c.h; path = ASICloudFilesContainer.h; sourceTree = "<group>"; };
		238DF81C1651E24F004B2823 /* ASICloudFilesContainer.m */ = {isa = PBXFileReference; fileEncoding = 4; lastKnownFileType = sourcecode.c.objc; path = ASICloudFilesContainer.m; sourceTree = "<group>"; };
		238DF81D1651E24F004B2823 /* ASICloudFilesContainerRequest.h */ = {isa = PBXFileReference; fileEncoding = 4; lastKnownFileType = sourcecode.c.h; path = ASICloudFilesContainerRequest.h; sourceTree = "<group>"; };
		238DF81E1651E24F004B2823 /* ASICloudFilesContainerRequest.m */ = {isa = PBXFileReference; fileEncoding = 4; lastKnownFileType = sourcecode.c.objc; path = ASICloudFilesContainerRequest.m; sourceTree = "<group>"; };
		238DF81F1651E24F004B2823 /* ASICloudFilesContainerXMLParserDelegate.h */ = {isa = PBXFileReference; fileEncoding = 4; lastKnownFileType = sourcecode.c.h; path = ASICloudFilesContainerXMLParserDelegate.h; sourceTree = "<group>"; };
		238DF8201651E24F004B2823 /* ASICloudFilesContainerXMLParserDelegate.m */ = {isa = PBXFileReference; fileEncoding = 4; lastKnownFileType = sourcecode.c.objc; path = ASICloudFilesContainerXMLParserDelegate.m; sourceTree = "<group>"; };
		238DF8211651E24F004B2823 /* ASICloudFilesObject.h */ = {isa = PBXFileReference; fileEncoding = 4; lastKnownFileType = sourcecode.c.h; path = ASICloudFilesObject.h; sourceTree = "<group>"; };
		238DF8221651E24F004B2823 /* ASICloudFilesObject.m */ = {isa = PBXFileReference; fileEncoding = 4; lastKnownFileType = sourcecode.c.objc; path = ASICloudFilesObject.m; sourceTree = "<group>"; };
		238DF8231651E24F004B2823 /* ASICloudFilesObjectRequest.h */ = {isa = PBXFileReference; fileEncoding = 4; lastKnownFileType = sourcecode.c.h; path = ASICloudFilesObjectRequest.h; sourceTree = "<group>"; };
		238DF8241651E24F004B2823 /* ASICloudFilesObjectRequest.m */ = {isa = PBXFileReference; fileEncoding = 4; lastKnownFileType = sourcecode.c.objc; path = ASICloudFilesObjectRequest.m; sourceTree = "<group>"; };
		238DF8251651E24F004B2823 /* ASICloudFilesRequest.h */ = {isa = PBXFileReference; fileEncoding = 4; lastKnownFileType = sourcecode.c.h; path = ASICloudFilesRequest.h; sourceTree = "<group>"; };
		238DF8261651E24F004B2823 /* ASICloudFilesRequest.m */ = {isa = PBXFileReference; fileEncoding = 4; lastKnownFileType = sourcecode.c.objc; path = ASICloudFilesRequest.m; sourceTree = "<group>"; };
		238DF8281651E24F004B2823 /* ASINSXMLParserCompat.h */ = {isa = PBXFileReference; fileEncoding = 4; lastKnownFileType = sourcecode.c.h; path = ASINSXMLParserCompat.h; sourceTree = "<group>"; };
		238DF8291651E24F004B2823 /* ASIS3Bucket.h */ = {isa = PBXFileReference; fileEncoding = 4; lastKnownFileType = sourcecode.c.h; path = ASIS3Bucket.h; sourceTree = "<group>"; };
		238DF82A1651E24F004B2823 /* ASIS3Bucket.m */ = {isa = PBXFileReference; fileEncoding = 4; lastKnownFileType = sourcecode.c.objc; path = ASIS3Bucket.m; sourceTree = "<group>"; };
		238DF82B1651E24F004B2823 /* ASIS3BucketObject.h */ = {isa = PBXFileReference; fileEncoding = 4; lastKnownFileType = sourcecode.c.h; path = ASIS3BucketObject.h; sourceTree = "<group>"; };
		238DF82C1651E24F004B2823 /* ASIS3BucketObject.m */ = {isa = PBXFileReference; fileEncoding = 4; lastKnownFileType = sourcecode.c.objc; path = ASIS3BucketObject.m; sourceTree = "<group>"; };
		238DF82D1651E24F004B2823 /* ASIS3BucketRequest.h */ = {isa = PBXFileReference; fileEncoding = 4; lastKnownFileType = sourcecode.c.h; path = ASIS3BucketRequest.h; sourceTree = "<group>"; };
		238DF82E1651E24F004B2823 /* ASIS3BucketRequest.m */ = {isa = PBXFileReference; fileEncoding = 4; lastKnownFileType = sourcecode.c.objc; path = ASIS3BucketRequest.m; sourceTree = "<group>"; };
		238DF82F1651E24F004B2823 /* ASIS3ObjectRequest.h */ = {isa = PBXFileReference; fileEncoding = 4; lastKnownFileType = sourcecode.c.h; path = ASIS3ObjectRequest.h; sourceTree = "<group>"; };
		238DF8301651E24F004B2823 /* ASIS3ObjectRequest.m */ = {isa = PBXFileReference; fileEncoding = 4; lastKnownFileType = sourcecode.c.objc; path = ASIS3ObjectRequest.m; sourceTree = "<group>"; };
		238DF8311651E24F004B2823 /* ASIS3Request.h */ = {isa = PBXFileReference; fileEncoding = 4; lastKnownFileType = sourcecode.c.h; path = ASIS3Request.h; sourceTree = "<group>"; };
		238DF8321651E24F004B2823 /* ASIS3Request.m */ = {isa = PBXFileReference; fileEncoding = 4; lastKnownFileType = sourcecode.c.objc; path = ASIS3Request.m; sourceTree = "<group>"; };
		238DF8331651E24F004B2823 /* ASIS3ServiceRequest.h */ = {isa = PBXFileReference; fileEncoding = 4; lastKnownFileType = sourcecode.c.h; path = ASIS3ServiceRequest.h; sourceTree = "<group>"; };
		238DF8341651E24F004B2823 /* ASIS3ServiceRequest.m */ = {isa = PBXFileReference; fileEncoding = 4; lastKnownFileType = sourcecode.c.objc; path = ASIS3ServiceRequest.m; sourceTree = "<group>"; };
		238DF8A01651E2B3004B2823 /* SystemConfiguration.framework */ = {isa = PBXFileReference; lastKnownFileType = wrapper.framework; name = SystemConfiguration.framework; path = System/Library/Frameworks/SystemConfiguration.framework; sourceTree = SDKROOT; };
		238DF8A21651E2E3004B2823 /* CoreServices.framework */ = {isa = PBXFileReference; lastKnownFileType = wrapper.framework; name = CoreServices.framework; path = System/Library/Frameworks/CoreServices.framework; sourceTree = SDKROOT; };
		238DF8A41651E576004B2823 /* OAuthService.h */ = {isa = PBXFileReference; fileEncoding = 4; lastKnownFileType = sourcecode.c.h; name = OAuthService.h; path = src/service/oauth2/OAuthService.h; sourceTree = "<group>"; };
		238DF8A51651E576004B2823 /* OAuth2.h */ = {isa = PBXFileReference; fileEncoding = 4; lastKnownFileType = sourcecode.c.h; name = OAuth2.h; path = src/service/oauth2/OAuth2.h; sourceTree = "<group>"; };
		238DF8A61651E576004B2823 /* OAuthStore.h */ = {isa = PBXFileReference; fileEncoding = 4; lastKnownFileType = sourcecode.c.h; name = OAuthStore.h; path = src/service/oauth2/OAuthStore.h; sourceTree = "<group>"; };
		238DF8A71651E576004B2823 /* OAuthStore.m */ = {isa = PBXFileReference; fileEncoding = 4; lastKnownFileType = sourcecode.c.objc; name = OAuthStore.m; path = src/service/oauth2/OAuthStore.m; sourceTree = "<group>"; };
		238DF8A81651E576004B2823 /* OAuthService.m */ = {isa = PBXFileReference; fileEncoding = 4; lastKnownFileType = sourcecode.c.objc; name = OAuthService.m; path = src/service/oauth2/OAuthService.m; sourceTree = "<group>"; };
		238DF8AE1651E5A1004B2823 /* HttpRequest.m */ = {isa = PBXFileReference; fileEncoding = 4; lastKnownFileType = sourcecode.c.objc; name = HttpRequest.m; path = src/service/network/HttpRequest.m; sourceTree = "<group>"; };
		238DF8AF1651E5A1004B2823 /* Service.h */ = {isa = PBXFileReference; fileEncoding = 4; lastKnownFileType = sourcecode.c.h; name = Service.h; path = src/service/network/Service.h; sourceTree = "<group>"; };
		238DF8B01651E5A1004B2823 /* Service.m */ = {isa = PBXFileReference; fileEncoding = 4; lastKnownFileType = sourcecode.c.objc; name = Service.m; path = src/service/network/Service.m; sourceTree = "<group>"; };
		238DF8B11651E5A1004B2823 /* Query.h */ = {isa = PBXFileReference; fileEncoding = 4; lastKnownFileType = sourcecode.c.h; name = Query.h; path = src/service/network/Query.h; sourceTree = "<group>"; };
		238DF8B21651E5A1004B2823 /* Query.m */ = {isa = PBXFileReference; fileEncoding = 4; lastKnownFileType = sourcecode.c.objc; name = Query.m; path = src/service/network/Query.m; sourceTree = "<group>"; };
		238DF8B31651E5A1004B2823 /* HttpRequest.h */ = {isa = PBXFileReference; fileEncoding = 4; lastKnownFileType = sourcecode.c.h; name = HttpRequest.h; path = src/service/network/HttpRequest.h; sourceTree = "<group>"; };
		23BB0292166C548400930FFD /* DOUComment.h */ = {isa = PBXFileReference; fileEncoding = 4; lastKnownFileType = sourcecode.c.h; path = DOUComment.h; sourceTree = "<group>"; };
		23BB0293166C548400930FFD /* DOUComment.m */ = {isa = PBXFileReference; fileEncoding = 4; lastKnownFileType = sourcecode.c.objc; path = DOUComment.m; sourceTree = "<group>"; };
		23BB0294166C548400930FFD /* DOUCommentArray.h */ = {isa = PBXFileReference; fileEncoding = 4; lastKnownFileType = sourcecode.c.h; path = DOUCommentArray.h; sourceTree = "<group>"; };
		23BB0295166C548400930FFD /* DOUCommentArray.m */ = {isa = PBXFileReference; fileEncoding = 4; lastKnownFileType = sourcecode.c.objc; path = DOUCommentArray.m; sourceTree = "<group>"; };
		23BB0296166C548400930FFD /* DOUOnline.h */ = {isa = PBXFileReference; fileEncoding = 4; lastKnownFileType = sourcecode.c.h; path = DOUOnline.h; sourceTree = "<group>"; };
		23BB0297166C548400930FFD /* DOUOnline.m */ = {isa = PBXFileReference; fileEncoding = 4; lastKnownFileType = sourcecode.c.objc; path = DOUOnline.m; sourceTree = "<group>"; };
		23BB0298166C548400930FFD /* DOUOnlineArray.h */ = {isa = PBXFileReference; fileEncoding = 4; lastKnownFileType = sourcecode.c.h; path = DOUOnlineArray.h; sourceTree = "<group>"; };
		23BB0299166C548400930FFD /* DOUOnlineArray.m */ = {isa = PBXFileReference; fileEncoding = 4; lastKnownFileType = sourcecode.c.objc; path = DOUOnlineArray.m; sourceTree = "<group>"; };
		23BB029A166C548400930FFD /* DOUUser.h */ = {isa = PBXFileReference; fileEncoding = 4; lastKnownFileType = sourcecode.c.h; path = DOUUser.h; sourceTree = "<group>"; };
		23BB029B166C548400930FFD /* DOUUser.m */ = {isa = PBXFileReference; fileEncoding = 4; lastKnownFileType = sourcecode.c.objc; path = DOUUser.m; sourceTree = "<group>"; };
		23BB029C166C548400930FFD /* DOUObject.h */ = {isa = PBXFileReference; fileEncoding = 4; lastKnownFileType = sourcecode.c.h; path = DOUObject.h; sourceTree = "<group>"; };
		23BB029D166C548400930FFD /* DOUObject.m */ = {isa = PBXFileReference; fileEncoding = 4; lastKnownFileType = sourcecode.c.objc; path = DOUObject.m; sourceTree = "<group>"; };
		23BB029E166C548400930FFD /* DOUObject+Utils.h */ = {isa = PBXFileReference; fileEncoding = 4; lastKnownFileType = sourcecode.c.h; path = "DOUObject+Utils.h"; sourceTree = "<group>"; };
		23BB029F166C548400930FFD /* DOUObject+Utils.m */ = {isa = PBXFileReference; fileEncoding = 4; lastKnownFileType = sourcecode.c.objc; path = "DOUObject+Utils.m"; sourceTree = "<group>"; };
		23BB02A0166C548400930FFD /* DOUObjectArray.h */ = {isa = PBXFileReference; fileEncoding = 4; lastKnownFileType = sourcecode.c.h; path = DOUObjectArray.h; sourceTree = "<group>"; };
		23BB02A1166C548400930FFD /* DOUObjectArray.m */ = {isa = PBXFileReference; fileEncoding = 4; lastKnownFileType = sourcecode.c.objc; path = DOUObjectArray.m; sourceTree = "<group>"; };
		23BB02A3166C548400930FFD /* DOUEvent.h */ = {isa = PBXFileReference; fileEncoding = 4; lastKnownFileType = sourcecode.c.h; path = DOUEvent.h; sourceTree = "<group>"; };
		23BB02A4166C548400930FFD /* DOUEvent.m */ = {isa = PBXFileReference; fileEncoding = 4; lastKnownFileType = sourcecode.c.objc; path = DOUEvent.m; sourceTree = "<group>"; };
		23BB02A5166C548400930FFD /* DOUEventArray.h */ = {isa = PBXFileReference; fileEncoding = 4; lastKnownFileType = sourcecode.c.h; path = DOUEventArray.h; sourceTree = "<group>"; };
		23BB02A6166C548400930FFD /* DOUEventArray.m */ = {isa = PBXFileReference; fileEncoding = 4; lastKnownFileType = sourcecode.c.objc; path = DOUEventArray.m; sourceTree = "<group>"; };
		23BB02A7166C548400930FFD /* DOULoc.h */ = {isa = PBXFileReference; fileEncoding = 4; lastKnownFileType = sourcecode.c.h; path = DOULoc.h; sourceTree = "<group>"; };
		23BB02A8166C548400930FFD /* DOULoc.m */ = {isa = PBXFileReference; fileEncoding = 4; lastKnownFileType = sourcecode.c.objc; path = DOULoc.m; sourceTree = "<group>"; };
		23BB02A9166C548400930FFD /* DOULocArray.h */ = {isa = PBXFileReference; fileEncoding = 4; lastKnownFileType = sourcecode.c.h; path = DOULocArray.h; sourceTree = "<group>"; };
		23BB02AA166C548400930FFD /* DOULocArray.m */ = {isa = PBXFileReference; fileEncoding = 4; lastKnownFileType = sourcecode.c.objc; path = DOULocArray.m; sourceTree = "<group>"; };
		23BB02AC166C548400930FFD /* DOUAlbum.h */ = {isa = PBXFileReference; fileEncoding = 4; lastKnownFileType = sourcecode.c.h; path = DOUAlbum.h; sourceTree = "<group>"; };
		23BB02AD166C548400930FFD /* DOUAlbum.m */ = {isa = PBXFileReference; fileEncoding = 4; lastKnownFileType = sourcecode.c.objc; path = DOUAlbum.m; sourceTree = "<group>"; };
		23BB02AE166C548400930FFD /* DOUPhoto.h */ = {isa = PBXFileReference; fileEncoding = 4; lastKnownFileType = sourcecode.c.h; path = DOUPhoto.h; sourceTree = "<group>"; };
		23BB02AF166C548400930FFD /* DOUPhoto.m */ = {isa = PBXFileReference; fileEncoding = 4; lastKnownFileType = sourcecode.c.objc; path = DOUPhoto.m; sourceTree = "<group>"; };
		23BB02B0166C548400930FFD /* DOUPhotoArray.h */ = {isa = PBXFileReference; fileEncoding = 4; lastKnownFileType = sourcecode.c.h; path = DOUPhotoArray.h; sourceTree = "<group>"; };
		23BB02B1166C548400930FFD /* DOUPhotoArray.m */ = {isa = PBXFileReference; fileEncoding = 4; lastKnownFileType = sourcecode.c.objc; path = DOUPhotoArray.m; sourceTree = "<group>"; };
		23E8407F165230DF0042F413 /* Config.h */ = {isa = PBXFileReference; fileEncoding = 4; lastKnownFileType = sourcecode.c.h; path = Config.h; sourceTree = "<group>"; };
		23E84080165230DF0042F413 /* Config.m */ = {isa = PBXFileReference; fileEncoding = 4; lastKnownFileType = sourcecode.c.objc; path = Config.m; sourceTree = "<group>"; };
/* End PBXFileReference section */

/* Begin PBXFrameworksBuildPhase section */
		236254A61650FE2200B2A141 /* Frameworks */ = {
			isa = PBXFrameworksBuildPhase;
			buildActionMask = 2147483647;
			files = (
				238DF8A31651E2E3004B2823 /* CoreServices.framework in Frameworks */,
				238DF8A11651E2B3004B2823 /* SystemConfiguration.framework in Frameworks */,
				23625642165109DF00B2A141 /* libz.dylib in Frameworks */,
				2362559A1651060700B2A141 /* libxml2.dylib in Frameworks */,
				236254AE1650FE2200B2A141 /* Cocoa.framework in Frameworks */,
			);
			runOnlyForDeploymentPostprocessing = 0;
		};
		236254BE1650FE2300B2A141 /* Frameworks */ = {
			isa = PBXFrameworksBuildPhase;
			buildActionMask = 2147483647;
			files = (
				236254C41650FE2300B2A141 /* SenTestingKit.framework in Frameworks */,
				236254C51650FE2300B2A141 /* Cocoa.framework in Frameworks */,
				236254C81650FE2300B2A141 /* DoubanAPICocoa.framework in Frameworks */,
			);
			runOnlyForDeploymentPostprocessing = 0;
		};
/* End PBXFrameworksBuildPhase section */

/* Begin PBXGroup section */
		2362549E1650FE2200B2A141 = {
			isa = PBXGroup;
			children = (
				236254B31650FE2200B2A141 /* DoubanAPICocoa */,
				236254C91650FE2300B2A141 /* DoubanAPICocoaTests */,
				236254AC1650FE2200B2A141 /* Frameworks */,
				236254AB1650FE2200B2A141 /* Products */,
			);
			sourceTree = "<group>";
		};
		236254AB1650FE2200B2A141 /* Products */ = {
			isa = PBXGroup;
			children = (
				236254AA1650FE2200B2A141 /* DoubanAPICocoa.framework */,
				236254C21650FE2300B2A141 /* DoubanAPICocoaTests.octest */,
			);
			name = Products;
			sourceTree = "<group>";
		};
		236254AC1650FE2200B2A141 /* Frameworks */ = {
			isa = PBXGroup;
			children = (
				23625641165109DF00B2A141 /* libz.dylib */,
				236255991651060700B2A141 /* libxml2.dylib */,
				238DF8A21651E2E3004B2823 /* CoreServices.framework */,
				238DF8A01651E2B3004B2823 /* SystemConfiguration.framework */,
				236254AD1650FE2200B2A141 /* Cocoa.framework */,
				236254C31650FE2300B2A141 /* SenTestingKit.framework */,
				236254AF1650FE2200B2A141 /* Other Frameworks */,
			);
			name = Frameworks;
			sourceTree = "<group>";
		};
		236254AF1650FE2200B2A141 /* Other Frameworks */ = {
			isa = PBXGroup;
			children = (
				236254B01650FE2200B2A141 /* AppKit.framework */,
				236254B11650FE2200B2A141 /* CoreData.framework */,
				236254B21650FE2200B2A141 /* Foundation.framework */,
			);
			name = "Other Frameworks";
			sourceTree = "<group>";
		};
		236254B31650FE2200B2A141 /* DoubanAPICocoa */ = {
			isa = PBXGroup;
			children = (
				23E8407F165230DF0042F413 /* Config.h */,
				23E84080165230DF0042F413 /* Config.m */,
				236254F31651051E00B2A141 /* Lib */,
				236254DA1651001C00B2A141 /* Src */,
				236254B41650FE2200B2A141 /* Supporting Files */,
			);
			path = DoubanAPICocoa;
			sourceTree = "<group>";
		};
		236254B41650FE2200B2A141 /* Supporting Files */ = {
			isa = PBXGroup;
			children = (
				236254B51650FE2200B2A141 /* DoubanAPICocoa-Info.plist */,
				236254B61650FE2200B2A141 /* InfoPlist.strings */,
				236254B91650FE2200B2A141 /* DoubanAPICocoa-Prefix.pch */,
			);
			name = "Supporting Files";
			sourceTree = "<group>";
		};
		236254C91650FE2300B2A141 /* DoubanAPICocoaTests */ = {
			isa = PBXGroup;
			children = (
				236254CF1650FE2300B2A141 /* DoubanAPICocoaTests.h */,
				236254D01650FE2300B2A141 /* DoubanAPICocoaTests.m */,
				236254CA1650FE2300B2A141 /* Supporting Files */,
			);
			path = DoubanAPICocoaTests;
			sourceTree = "<group>";
		};
		236254CA1650FE2300B2A141 /* Supporting Files */ = {
			isa = PBXGroup;
			children = (
				236254CB1650FE2300B2A141 /* DoubanAPICocoaTests-Info.plist */,
				236254CC1650FE2300B2A141 /* InfoPlist.strings */,
			);
			name = "Supporting Files";
			sourceTree = "<group>";
		};
		236254DA1651001C00B2A141 /* Src */ = {
			isa = PBXGroup;
			children = (
				23BB0290166C545600930FFD /* Model */,
				236254DF1651025900B2A141 /* Service */,
			);
			name = Src;
			sourceTree = "<group>";
		};
		236254DF1651025900B2A141 /* Service */ = {
			isa = PBXGroup;
			children = (
				236254E6165103DF00B2A141 /* Network */,
				236254E01651026900B2A141 /* Oauth2 */,
			);
			name = Service;
			sourceTree = "<group>";
		};
		236254E01651026900B2A141 /* Oauth2 */ = {
			isa = PBXGroup;
			children = (
				238DF8A41651E576004B2823 /* OAuthService.h */,
				238DF8A51651E576004B2823 /* OAuth2.h */,
				238DF8A61651E576004B2823 /* OAuthStore.h */,
				238DF8A71651E576004B2823 /* OAuthStore.m */,
				238DF8A81651E576004B2823 /* OAuthService.m */,
			);
			name = Oauth2;
			sourceTree = "<group>";
		};
		236254E6165103DF00B2A141 /* Network */ = {
			isa = PBXGroup;
			children = (
				238DF8AE1651E5A1004B2823 /* HttpRequest.m */,
				238DF8AF1651E5A1004B2823 /* Service.h */,
				238DF8B01651E5A1004B2823 /* Service.m */,
				238DF8B11651E5A1004B2823 /* Query.h */,
				238DF8B21651E5A1004B2823 /* Query.m */,
				238DF8B31651E5A1004B2823 /* HttpRequest.h */,
			);
			name = Network;
			sourceTree = "<group>";
		};
		236254F31651051E00B2A141 /* Lib */ = {
			isa = PBXGroup;
			children = (
				236255A01651094700B2A141 /* ASIHTTPRequest */,
				23625529165105BC00B2A141 /* Base64 */,
				2362552C165105BC00B2A141 /* JSON */,
			);
			name = Lib;
			sourceTree = "<group>";
		};
		23625529165105BC00B2A141 /* Base64 */ = {
			isa = PBXGroup;
			children = (
				2362552A165105BC00B2A141 /* NSData+Base64.h */,
				2362552B165105BC00B2A141 /* NSData+Base64.m */,
			);
			name = Base64;
			path = Lib/Base64;
			sourceTree = "<group>";
		};
		2362552C165105BC00B2A141 /* JSON */ = {
			isa = PBXGroup;
			children = (
				2362552D165105BC00B2A141 /* JSON.h */,
				2362552E165105BC00B2A141 /* NSObject+SBJson.h */,
				2362552F165105BC00B2A141 /* NSObject+SBJson.m */,
				23625530165105BC00B2A141 /* SBJson.h */,
				23625531165105BC00B2A141 /* SBJsonParser.h */,
				23625532165105BC00B2A141 /* SBJsonParser.m */,
				23625533165105BC00B2A141 /* SBJsonStreamParser.h */,
				23625534165105BC00B2A141 /* SBJsonStreamParser.m */,
				23625535165105BC00B2A141 /* SBJsonStreamParserAccumulator.h */,
				23625536165105BC00B2A141 /* SBJsonStreamParserAccumulator.m */,
				23625537165105BC00B2A141 /* SBJsonStreamParserAdapter.h */,
				23625538165105BC00B2A141 /* SBJsonStreamParserAdapter.m */,
				23625539165105BC00B2A141 /* SBJsonStreamParserState.h */,
				2362553A165105BC00B2A141 /* SBJsonStreamParserState.m */,
				2362553B165105BC00B2A141 /* SBJsonStreamWriter.h */,
				2362553C165105BC00B2A141 /* SBJsonStreamWriter.m */,
				2362553D165105BC00B2A141 /* SBJsonStreamWriterAccumulator.h */,
				2362553E165105BC00B2A141 /* SBJsonStreamWriterAccumulator.m */,
				2362553F165105BC00B2A141 /* SBJsonStreamWriterState.h */,
				23625540165105BC00B2A141 /* SBJsonStreamWriterState.m */,
				23625541165105BC00B2A141 /* SBJsonTokeniser.h */,
				23625542165105BC00B2A141 /* SBJsonTokeniser.m */,
				23625543165105BC00B2A141 /* SBJsonUTF8Stream.h */,
				23625544165105BC00B2A141 /* SBJsonUTF8Stream.m */,
				23625545165105BC00B2A141 /* SBJsonWriter.h */,
				23625546165105BC00B2A141 /* SBJsonWriter.m */,
			);
			name = JSON;
			path = Lib/JSON;
			sourceTree = "<group>";
		};
		236255A01651094700B2A141 /* ASIHTTPRequest */ = {
			isa = PBXGroup;
			children = (
				238DF8031651E24F004B2823 /* ASICacheDelegate.h */,
				238DF8041651E24F004B2823 /* ASIDataCompressor.h */,
				238DF8051651E24F004B2823 /* ASIDataCompressor.m */,
				238DF8061651E24F004B2823 /* ASIDataDecompressor.h */,
				238DF8071651E24F004B2823 /* ASIDataDecompressor.m */,
				238DF8081651E24F004B2823 /* ASIDownloadCache.h */,
				238DF8091651E24F004B2823 /* ASIDownloadCache.m */,
				238DF80A1651E24F004B2823 /* ASIFormDataRequest.h */,
				238DF80B1651E24F004B2823 /* ASIFormDataRequest.m */,
				238DF80C1651E24F004B2823 /* ASIHTTPRequest.h */,
				238DF80D1651E24F004B2823 /* ASIHTTPRequest.m */,
				238DF80E1651E24F004B2823 /* ASIHTTPRequestConfig.h */,
				238DF80F1651E24F004B2823 /* ASIHTTPRequestDelegate.h */,
				238DF8101651E24F004B2823 /* ASIInputStream.h */,
				238DF8111651E24F004B2823 /* ASIInputStream.m */,
				238DF8121651E24F004B2823 /* ASINetworkQueue.h */,
				238DF8131651E24F004B2823 /* ASINetworkQueue.m */,
				238DF8141651E24F004B2823 /* ASIProgressDelegate.h */,
				238DF8151651E24F004B2823 /* ASIWebPageRequest */,
				238DF8181651E24F004B2823 /* CloudFiles */,
				238DF8271651E24F004B2823 /* S3 */,
			);
			name = ASIHTTPRequest;
			path = Lib/ASIHTTPRequest;
			sourceTree = "<group>";
		};
		238DF8151651E24F004B2823 /* ASIWebPageRequest */ = {
			isa = PBXGroup;
			children = (
				238DF8161651E24F004B2823 /* ASIWebPageRequest.h */,
				238DF8171651E24F004B2823 /* ASIWebPageRequest.m */,
			);
			path = ASIWebPageRequest;
			sourceTree = "<group>";
		};
		238DF8181651E24F004B2823 /* CloudFiles */ = {
			isa = PBXGroup;
			children = (
				238DF8191651E24F004B2823 /* ASICloudFilesCDNRequest.h */,
				238DF81A1651E24F004B2823 /* ASICloudFilesCDNRequest.m */,
				238DF81B1651E24F004B2823 /* ASICloudFilesContainer.h */,
				238DF81C1651E24F004B2823 /* ASICloudFilesContainer.m */,
				238DF81D1651E24F004B2823 /* ASICloudFilesContainerRequest.h */,
				238DF81E1651E24F004B2823 /* ASICloudFilesContainerRequest.m */,
				238DF81F1651E24F004B2823 /* ASICloudFilesContainerXMLParserDelegate.h */,
				238DF8201651E24F004B2823 /* ASICloudFilesContainerXMLParserDelegate.m */,
				238DF8211651E24F004B2823 /* ASICloudFilesObject.h */,
				238DF8221651E24F004B2823 /* ASICloudFilesObject.m */,
				238DF8231651E24F004B2823 /* ASICloudFilesObjectRequest.h */,
				238DF8241651E24F004B2823 /* ASICloudFilesObjectRequest.m */,
				238DF8251651E24F004B2823 /* ASICloudFilesRequest.h */,
				238DF8261651E24F004B2823 /* ASICloudFilesRequest.m */,
			);
			path = CloudFiles;
			sourceTree = "<group>";
		};
		238DF8271651E24F004B2823 /* S3 */ = {
			isa = PBXGroup;
			children = (
				238DF8281651E24F004B2823 /* ASINSXMLParserCompat.h */,
				238DF8291651E24F004B2823 /* ASIS3Bucket.h */,
				238DF82A1651E24F004B2823 /* ASIS3Bucket.m */,
				238DF82B1651E24F004B2823 /* ASIS3BucketObject.h */,
				238DF82C1651E24F004B2823 /* ASIS3BucketObject.m */,
				238DF82D1651E24F004B2823 /* ASIS3BucketRequest.h */,
				238DF82E1651E24F004B2823 /* ASIS3BucketRequest.m */,
				238DF82F1651E24F004B2823 /* ASIS3ObjectRequest.h */,
				238DF8301651E24F004B2823 /* ASIS3ObjectRequest.m */,
				238DF8311651E24F004B2823 /* ASIS3Request.h */,
				238DF8321651E24F004B2823 /* ASIS3Request.m */,
				238DF8331651E24F004B2823 /* ASIS3ServiceRequest.h */,
				238DF8341651E24F004B2823 /* ASIS3ServiceRequest.m */,
			);
			path = S3;
			sourceTree = "<group>";
		};
		23BB0290166C545600930FFD /* Model */ = {
			isa = PBXGroup;
			children = (
				23BB0291166C548400930FFD /* Community */,
				23BB029C166C548400930FFD /* DOUObject.h */,
				23BB029D166C548400930FFD /* DOUObject.m */,
				23BB029E166C548400930FFD /* DOUObject+Utils.h */,
				23BB029F166C548400930FFD /* DOUObject+Utils.m */,
				23BB02A0166C548400930FFD /* DOUObjectArray.h */,
				23BB02A1166C548400930FFD /* DOUObjectArray.m */,
				23BB02A2166C548400930FFD /* Event */,
				23BB02AB166C548400930FFD /* Photo */,
			);
			path = Model;
			sourceTree = "<group>";
		};
		23BB0291166C548400930FFD /* Community */ = {
			isa = PBXGroup;
			children = (
				23BB0292166C548400930FFD /* DOUComment.h */,
				23BB0293166C548400930FFD /* DOUComment.m */,
				23BB0294166C548400930FFD /* DOUCommentArray.h */,
				23BB0295166C548400930FFD /* DOUCommentArray.m */,
				23BB0296166C548400930FFD /* DOUOnline.h */,
				23BB0297166C548400930FFD /* DOUOnline.m */,
				23BB0298166C548400930FFD /* DOUOnlineArray.h */,
				23BB0299166C548400930FFD /* DOUOnlineArray.m */,
				23BB029A166C548400930FFD /* DOUUser.h */,
				23BB029B166C548400930FFD /* DOUUser.m */,
			);
			path = Community;
			sourceTree = "<group>";
		};
		23BB02A2166C548400930FFD /* Event */ = {
			isa = PBXGroup;
			children = (
				23BB02A3166C548400930FFD /* DOUEvent.h */,
				23BB02A4166C548400930FFD /* DOUEvent.m */,
				23BB02A5166C548400930FFD /* DOUEventArray.h */,
				23BB02A6166C548400930FFD /* DOUEventArray.m */,
				23BB02A7166C548400930FFD /* DOULoc.h */,
				23BB02A8166C548400930FFD /* DOULoc.m */,
				23BB02A9166C548400930FFD /* DOULocArray.h */,
				23BB02AA166C548400930FFD /* DOULocArray.m */,
			);
			path = Event;
			sourceTree = "<group>";
		};
		23BB02AB166C548400930FFD /* Photo */ = {
			isa = PBXGroup;
			children = (
				23BB02AC166C548400930FFD /* DOUAlbum.h */,
				23BB02AD166C548400930FFD /* DOUAlbum.m */,
				23BB02AE166C548400930FFD /* DOUPhoto.h */,
				23BB02AF166C548400930FFD /* DOUPhoto.m */,
				23BB02B0166C548400930FFD /* DOUPhotoArray.h */,
				23BB02B1166C548400930FFD /* DOUPhotoArray.m */,
			);
			path = Photo;
			sourceTree = "<group>";
		};
/* End PBXGroup section */

/* Begin PBXHeadersBuildPhase section */
		236254A71650FE2200B2A141 /* Headers */ = {
			isa = PBXHeadersBuildPhase;
			buildActionMask = 2147483647;
			files = (
				2362557B165105BC00B2A141 /* NSData+Base64.h in Headers */,
				2362557D165105BC00B2A141 /* JSON.h in Headers */,
				2362557E165105BC00B2A141 /* NSObject+SBJson.h in Headers */,
				23625580165105BC00B2A141 /* SBJson.h in Headers */,
				23625581165105BC00B2A141 /* SBJsonParser.h in Headers */,
				23625583165105BC00B2A141 /* SBJsonStreamParser.h in Headers */,
				23625585165105BC00B2A141 /* SBJsonStreamParserAccumulator.h in Headers */,
				23625587165105BC00B2A141 /* SBJsonStreamParserAdapter.h in Headers */,
				23625589165105BC00B2A141 /* SBJsonStreamParserState.h in Headers */,
				2362558B165105BC00B2A141 /* SBJsonStreamWriter.h in Headers */,
				2362558D165105BC00B2A141 /* SBJsonStreamWriterAccumulator.h in Headers */,
				2362558F165105BC00B2A141 /* SBJsonStreamWriterState.h in Headers */,
				23625591165105BC00B2A141 /* SBJsonTokeniser.h in Headers */,
				23625593165105BC00B2A141 /* SBJsonUTF8Stream.h in Headers */,
				23625595165105BC00B2A141 /* SBJsonWriter.h in Headers */,
				238DF8531651E24F004B2823 /* ASICacheDelegate.h in Headers */,
				238DF8541651E24F004B2823 /* ASIDataCompressor.h in Headers */,
				238DF8561651E24F004B2823 /* ASIDataDecompressor.h in Headers */,
				238DF8581651E24F004B2823 /* ASIDownloadCache.h in Headers */,
				238DF85A1651E24F004B2823 /* ASIFormDataRequest.h in Headers */,
				238DF85C1651E24F004B2823 /* ASIHTTPRequest.h in Headers */,
				238DF85E1651E24F004B2823 /* ASIHTTPRequestConfig.h in Headers */,
				238DF85F1651E24F004B2823 /* ASIHTTPRequestDelegate.h in Headers */,
				238DF8601651E24F004B2823 /* ASIInputStream.h in Headers */,
				238DF8621651E24F004B2823 /* ASINetworkQueue.h in Headers */,
				238DF8641651E24F004B2823 /* ASIProgressDelegate.h in Headers */,
				238DF8651651E24F004B2823 /* ASIWebPageRequest.h in Headers */,
				238DF8671651E24F004B2823 /* ASICloudFilesCDNRequest.h in Headers */,
				238DF8691651E24F004B2823 /* ASICloudFilesContainer.h in Headers */,
				238DF86B1651E24F004B2823 /* ASICloudFilesContainerRequest.h in Headers */,
				238DF86D1651E24F004B2823 /* ASICloudFilesContainerXMLParserDelegate.h in Headers */,
				238DF86F1651E24F004B2823 /* ASICloudFilesObject.h in Headers */,
				238DF8711651E24F004B2823 /* ASICloudFilesObjectRequest.h in Headers */,
				238DF8731651E24F004B2823 /* ASICloudFilesRequest.h in Headers */,
				238DF8751651E24F004B2823 /* ASINSXMLParserCompat.h in Headers */,
				238DF8761651E24F004B2823 /* ASIS3Bucket.h in Headers */,
				238DF8781651E24F004B2823 /* ASIS3BucketObject.h in Headers */,
				238DF87A1651E24F004B2823 /* ASIS3BucketRequest.h in Headers */,
				238DF87C1651E24F004B2823 /* ASIS3ObjectRequest.h in Headers */,
				238DF87E1651E24F004B2823 /* ASIS3Request.h in Headers */,
				238DF8801651E24F004B2823 /* ASIS3ServiceRequest.h in Headers */,
				238DF8A91651E576004B2823 /* OAuthService.h in Headers */,
				238DF8AA1651E576004B2823 /* OAuth2.h in Headers */,
				238DF8AB1651E576004B2823 /* OAuthStore.h in Headers */,
				238DF8B51651E5A1004B2823 /* Service.h in Headers */,
				238DF8B71651E5A1004B2823 /* Query.h in Headers */,
				238DF8B91651E5A1004B2823 /* HttpRequest.h in Headers */,
				23E84081165230DF0042F413 /* Config.h in Headers */,
				23BB02B2166C548400930FFD /* DOUComment.h in Headers */,
				23BB02B4166C548400930FFD /* DOUCommentArray.h in Headers */,
				23BB02B6166C548400930FFD /* DOUOnline.h in Headers */,
				23BB02B8166C548400930FFD /* DOUOnlineArray.h in Headers */,
				23BB02BA166C548400930FFD /* DOUUser.h in Headers */,
				23BB02BC166C548400930FFD /* DOUObject.h in Headers */,
				23BB02BE166C548400930FFD /* DOUObject+Utils.h in Headers */,
				23BB02C0166C548400930FFD /* DOUObjectArray.h in Headers */,
				23BB02C2166C548400930FFD /* DOUEvent.h in Headers */,
				23BB02C4166C548400930FFD /* DOUEventArray.h in Headers */,
				23BB02C6166C548400930FFD /* DOULoc.h in Headers */,
				23BB02C8166C548400930FFD /* DOULocArray.h in Headers */,
				23BB02CA166C548400930FFD /* DOUAlbum.h in Headers */,
				23BB02CC166C548400930FFD /* DOUPhoto.h in Headers */,
				23BB02CE166C548400930FFD /* DOUPhotoArray.h in Headers */,
			);
			runOnlyForDeploymentPostprocessing = 0;
		};
/* End PBXHeadersBuildPhase section */

/* Begin PBXNativeTarget section */
		236254A91650FE2200B2A141 /* DoubanAPICocoa */ = {
			isa = PBXNativeTarget;
			buildConfigurationList = 236254D41650FE2300B2A141 /* Build configuration list for PBXNativeTarget "DoubanAPICocoa" */;
			buildPhases = (
				236254A51650FE2200B2A141 /* Sources */,
				236254A61650FE2200B2A141 /* Frameworks */,
				236254A71650FE2200B2A141 /* Headers */,
				236254A81650FE2200B2A141 /* Resources */,
			);
			buildRules = (
			);
			dependencies = (
			);
			name = DoubanAPICocoa;
			productName = DoubanAPICocoa;
			productReference = 236254AA1650FE2200B2A141 /* DoubanAPICocoa.framework */;
			productType = "com.apple.product-type.framework";
		};
		236254C11650FE2300B2A141 /* DoubanAPICocoaTests */ = {
			isa = PBXNativeTarget;
			buildConfigurationList = 236254D71650FE2300B2A141 /* Build configuration list for PBXNativeTarget "DoubanAPICocoaTests" */;
			buildPhases = (
				236254BD1650FE2300B2A141 /* Sources */,
				236254BE1650FE2300B2A141 /* Frameworks */,
				236254BF1650FE2300B2A141 /* Resources */,
				236254C01650FE2300B2A141 /* ShellScript */,
			);
			buildRules = (
			);
			dependencies = (
				236254C71650FE2300B2A141 /* PBXTargetDependency */,
			);
			name = DoubanAPICocoaTests;
			productName = DoubanAPICocoaTests;
			productReference = 236254C21650FE2300B2A141 /* DoubanAPICocoaTests.octest */;
			productType = "com.apple.product-type.bundle";
		};
/* End PBXNativeTarget section */

/* Begin PBXProject section */
		236254A01650FE2200B2A141 /* Project object */ = {
			isa = PBXProject;
			attributes = {
				LastUpgradeCheck = 0440;
				ORGANIZATIONNAME = GuoJing;
			};
			buildConfigurationList = 236254A31650FE2200B2A141 /* Build configuration list for PBXProject "DoubanAPICocoa" */;
			compatibilityVersion = "Xcode 3.2";
			developmentRegion = English;
			hasScannedForEncodings = 0;
			knownRegions = (
				en,
			);
			mainGroup = 2362549E1650FE2200B2A141;
			productRefGroup = 236254AB1650FE2200B2A141 /* Products */;
			projectDirPath = "";
			projectRoot = "";
			targets = (
				236254A91650FE2200B2A141 /* DoubanAPICocoa */,
				236254C11650FE2300B2A141 /* DoubanAPICocoaTests */,
			);
		};
/* End PBXProject section */

/* Begin PBXResourcesBuildPhase section */
		236254A81650FE2200B2A141 /* Resources */ = {
			isa = PBXResourcesBuildPhase;
			buildActionMask = 2147483647;
			files = (
				236254B81650FE2200B2A141 /* InfoPlist.strings in Resources */,
			);
			runOnlyForDeploymentPostprocessing = 0;
		};
		236254BF1650FE2300B2A141 /* Resources */ = {
			isa = PBXResourcesBuildPhase;
			buildActionMask = 2147483647;
			files = (
				236254CE1650FE2300B2A141 /* InfoPlist.strings in Resources */,
			);
			runOnlyForDeploymentPostprocessing = 0;
		};
/* End PBXResourcesBuildPhase section */

/* Begin PBXShellScriptBuildPhase section */
		236254C01650FE2300B2A141 /* ShellScript */ = {
			isa = PBXShellScriptBuildPhase;
			buildActionMask = 2147483647;
			files = (
			);
			inputPaths = (
			);
			outputPaths = (
			);
			runOnlyForDeploymentPostprocessing = 0;
			shellPath = /bin/sh;
			shellScript = "# Run the unit tests in this test bundle.\n\"${SYSTEM_DEVELOPER_DIR}/Tools/RunUnitTests\"\n";
		};
/* End PBXShellScriptBuildPhase section */

/* Begin PBXSourcesBuildPhase section */
		236254A51650FE2200B2A141 /* Sources */ = {
			isa = PBXSourcesBuildPhase;
			buildActionMask = 2147483647;
			files = (
				2362557C165105BC00B2A141 /* NSData+Base64.m in Sources */,
				2362557F165105BC00B2A141 /* NSObject+SBJson.m in Sources */,
				23625582165105BC00B2A141 /* SBJsonParser.m in Sources */,
				23625584165105BC00B2A141 /* SBJsonStreamParser.m in Sources */,
				23625586165105BC00B2A141 /* SBJsonStreamParserAccumulator.m in Sources */,
				23625588165105BC00B2A141 /* SBJsonStreamParserAdapter.m in Sources */,
				2362558A165105BC00B2A141 /* SBJsonStreamParserState.m in Sources */,
				2362558C165105BC00B2A141 /* SBJsonStreamWriter.m in Sources */,
				2362558E165105BC00B2A141 /* SBJsonStreamWriterAccumulator.m in Sources */,
				23625590165105BC00B2A141 /* SBJsonStreamWriterState.m in Sources */,
				23625592165105BC00B2A141 /* SBJsonTokeniser.m in Sources */,
				23625594165105BC00B2A141 /* SBJsonUTF8Stream.m in Sources */,
				23625596165105BC00B2A141 /* SBJsonWriter.m in Sources */,
				238DF8551651E24F004B2823 /* ASIDataCompressor.m in Sources */,
				238DF8571651E24F004B2823 /* ASIDataDecompressor.m in Sources */,
				238DF8591651E24F004B2823 /* ASIDownloadCache.m in Sources */,
				238DF85B1651E24F004B2823 /* ASIFormDataRequest.m in Sources */,
				238DF85D1651E24F004B2823 /* ASIHTTPRequest.m in Sources */,
				238DF8611651E24F004B2823 /* ASIInputStream.m in Sources */,
				238DF8631651E24F004B2823 /* ASINetworkQueue.m in Sources */,
				238DF8661651E24F004B2823 /* ASIWebPageRequest.m in Sources */,
				238DF8681651E24F004B2823 /* ASICloudFilesCDNRequest.m in Sources */,
				238DF86A1651E24F004B2823 /* ASICloudFilesContainer.m in Sources */,
				238DF86C1651E24F004B2823 /* ASICloudFilesContainerRequest.m in Sources */,
				238DF86E1651E24F004B2823 /* ASICloudFilesContainerXMLParserDelegate.m in Sources */,
				238DF8701651E24F004B2823 /* ASICloudFilesObject.m in Sources */,
				238DF8721651E24F004B2823 /* ASICloudFilesObjectRequest.m in Sources */,
				238DF8741651E24F004B2823 /* ASICloudFilesRequest.m in Sources */,
				238DF8771651E24F004B2823 /* ASIS3Bucket.m in Sources */,
				238DF8791651E24F004B2823 /* ASIS3BucketObject.m in Sources */,
				238DF87B1651E24F004B2823 /* ASIS3BucketRequest.m in Sources */,
				238DF87D1651E24F004B2823 /* ASIS3ObjectRequest.m in Sources */,
				238DF87F1651E24F004B2823 /* ASIS3Request.m in Sources */,
				238DF8811651E24F004B2823 /* ASIS3ServiceRequest.m in Sources */,
				238DF8AC1651E576004B2823 /* OAuthStore.m in Sources */,
				238DF8AD1651E576004B2823 /* OAuthService.m in Sources */,
				238DF8B41651E5A1004B2823 /* HttpRequest.m in Sources */,
				238DF8B61651E5A1004B2823 /* Service.m in Sources */,
				238DF8B81651E5A1004B2823 /* Query.m in Sources */,
				23E84082165230DF0042F413 /* Config.m in Sources */,
				23BB02B3166C548400930FFD /* DOUComment.m in Sources */,
				23BB02B5166C548400930FFD /* DOUCommentArray.m in Sources */,
				23BB02B7166C548400930FFD /* DOUOnline.m in Sources */,
				23BB02B9166C548400930FFD /* DOUOnlineArray.m in Sources */,
				23BB02BB166C548400930FFD /* DOUUser.m in Sources */,
				23BB02BD166C548400930FFD /* DOUObject.m in Sources */,
				23BB02BF166C548400930FFD /* DOUObject+Utils.m in Sources */,
				23BB02C1166C548400930FFD /* DOUObjectArray.m in Sources */,
				23BB02C3166C548400930FFD /* DOUEvent.m in Sources */,
				23BB02C5166C548400930FFD /* DOUEventArray.m in Sources */,
				23BB02C7166C548400930FFD /* DOULoc.m in Sources */,
				23BB02C9166C548400930FFD /* DOULocArray.m in Sources */,
				23BB02CB166C548400930FFD /* DOUAlbum.m in Sources */,
				23BB02CD166C548400930FFD /* DOUPhoto.m in Sources */,
				23BB02CF166C548400930FFD /* DOUPhotoArray.m in Sources */,
			);
			runOnlyForDeploymentPostprocessing = 0;
		};
		236254BD1650FE2300B2A141 /* Sources */ = {
			isa = PBXSourcesBuildPhase;
			buildActionMask = 2147483647;
			files = (
				236254D11650FE2300B2A141 /* DoubanAPICocoaTests.m in Sources */,
			);
			runOnlyForDeploymentPostprocessing = 0;
		};
/* End PBXSourcesBuildPhase section */

/* Begin PBXTargetDependency section */
		236254C71650FE2300B2A141 /* PBXTargetDependency */ = {
			isa = PBXTargetDependency;
			target = 236254A91650FE2200B2A141 /* DoubanAPICocoa */;
			targetProxy = 236254C61650FE2300B2A141 /* PBXContainerItemProxy */;
		};
/* End PBXTargetDependency section */

/* Begin PBXVariantGroup section */
		236254B61650FE2200B2A141 /* InfoPlist.strings */ = {
			isa = PBXVariantGroup;
			children = (
				236254B71650FE2200B2A141 /* en */,
			);
			name = InfoPlist.strings;
			sourceTree = "<group>";
		};
		236254CC1650FE2300B2A141 /* InfoPlist.strings */ = {
			isa = PBXVariantGroup;
			children = (
				236254CD1650FE2300B2A141 /* en */,
			);
			name = InfoPlist.strings;
			sourceTree = "<group>";
		};
/* End PBXVariantGroup section */

/* Begin XCBuildConfiguration section */
		236254D21650FE2300B2A141 /* Debug */ = {
			isa = XCBuildConfiguration;
			buildSettings = {
				ALWAYS_SEARCH_USER_PATHS = NO;
				ARCHS = "$(ARCHS_STANDARD_64_BIT)";
				CLANG_CXX_LANGUAGE_STANDARD = "gnu++0x";
				CLANG_ENABLE_OBJC_ARC = NO;
				CLANG_WARN__DUPLICATE_METHOD_MATCH = YES;
				COPY_PHASE_STRIP = NO;
				GCC_C_LANGUAGE_STANDARD = gnu99;
				GCC_DYNAMIC_NO_PIC = NO;
				GCC_ENABLE_OBJC_EXCEPTIONS = YES;
				GCC_OPTIMIZATION_LEVEL = 0;
				GCC_PREPROCESSOR_DEFINITIONS = (
					"DEBUG=1",
					"$(inherited)",
				);
				GCC_SYMBOLS_PRIVATE_EXTERN = NO;
				GCC_WARN_64_TO_32_BIT_CONVERSION = YES;
				GCC_WARN_ABOUT_RETURN_TYPE = YES;
				GCC_WARN_UNINITIALIZED_AUTOS = YES;
				GCC_WARN_UNUSED_VARIABLE = YES;
				MACOSX_DEPLOYMENT_TARGET = 10.8;
				ONLY_ACTIVE_ARCH = YES;
				SDKROOT = macosx;
			};
			name = Debug;
		};
		236254D31650FE2300B2A141 /* Release */ = {
			isa = XCBuildConfiguration;
			buildSettings = {
				ALWAYS_SEARCH_USER_PATHS = NO;
				ARCHS = "$(ARCHS_STANDARD_64_BIT)";
				CLANG_CXX_LANGUAGE_STANDARD = "gnu++0x";
				CLANG_ENABLE_OBJC_ARC = NO;
				CLANG_WARN__DUPLICATE_METHOD_MATCH = YES;
				COPY_PHASE_STRIP = YES;
				DEBUG_INFORMATION_FORMAT = "dwarf-with-dsym";
				GCC_C_LANGUAGE_STANDARD = gnu99;
				GCC_ENABLE_OBJC_EXCEPTIONS = YES;
				GCC_WARN_64_TO_32_BIT_CONVERSION = YES;
				GCC_WARN_ABOUT_RETURN_TYPE = YES;
				GCC_WARN_UNINITIALIZED_AUTOS = YES;
				GCC_WARN_UNUSED_VARIABLE = YES;
				MACOSX_DEPLOYMENT_TARGET = 10.8;
				SDKROOT = macosx;
			};
			name = Release;
		};
		236254D51650FE2300B2A141 /* Debug */ = {
			isa = XCBuildConfiguration;
			buildSettings = {
				COMBINE_HIDPI_IMAGES = YES;
				DYLIB_COMPATIBILITY_VERSION = 1;
				DYLIB_CURRENT_VERSION = 1;
				FRAMEWORK_VERSION = A;
				GCC_PRECOMPILE_PREFIX_HEADER = YES;
				GCC_PREFIX_HEADER = "DoubanAPICocoa/DoubanAPICocoa-Prefix.pch";
				HEADER_SEARCH_PATHS = "$(SDKROOT)/usr/include/libxml2/**";
				INFOPLIST_FILE = "DoubanAPICocoa/DoubanAPICocoa-Info.plist";
				MACOSX_DEPLOYMENT_TARGET = 10.6;
				PRODUCT_NAME = "$(TARGET_NAME)";
				WRAPPER_EXTENSION = framework;
			};
			name = Debug;
		};
		236254D61650FE2300B2A141 /* Release */ = {
			isa = XCBuildConfiguration;
			buildSettings = {
				COMBINE_HIDPI_IMAGES = YES;
				DYLIB_COMPATIBILITY_VERSION = 1;
				DYLIB_CURRENT_VERSION = 1;
				FRAMEWORK_VERSION = A;
				GCC_PRECOMPILE_PREFIX_HEADER = YES;
				GCC_PREFIX_HEADER = "DoubanAPICocoa/DoubanAPICocoa-Prefix.pch";
				HEADER_SEARCH_PATHS = "$(SDKROOT)/usr/include/libxml2/**";
				INFOPLIST_FILE = "DoubanAPICocoa/DoubanAPICocoa-Info.plist";
				MACOSX_DEPLOYMENT_TARGET = 10.6;
				PRODUCT_NAME = "$(TARGET_NAME)";
				WRAPPER_EXTENSION = framework;
			};
			name = Release;
		};
		236254D81650FE2300B2A141 /* Debug */ = {
			isa = XCBuildConfiguration;
			buildSettings = {
				COMBINE_HIDPI_IMAGES = YES;
				FRAMEWORK_SEARCH_PATHS = "\"$(DEVELOPER_LIBRARY_DIR)/Frameworks\"";
				GCC_PRECOMPILE_PREFIX_HEADER = YES;
				GCC_PREFIX_HEADER = "DoubanAPICocoa/DoubanAPICocoa-Prefix.pch";
				INFOPLIST_FILE = "DoubanAPICocoaTests/DoubanAPICocoaTests-Info.plist";
				PRODUCT_NAME = "$(TARGET_NAME)";
				WRAPPER_EXTENSION = octest;
			};
			name = Debug;
		};
		236254D91650FE2300B2A141 /* Release */ = {
			isa = XCBuildConfiguration;
			buildSettings = {
				COMBINE_HIDPI_IMAGES = YES;
				FRAMEWORK_SEARCH_PATHS = "\"$(DEVELOPER_LIBRARY_DIR)/Frameworks\"";
				GCC_PRECOMPILE_PREFIX_HEADER = YES;
				GCC_PREFIX_HEADER = "DoubanAPICocoa/DoubanAPICocoa-Prefix.pch";
				INFOPLIST_FILE = "DoubanAPICocoaTests/DoubanAPICocoaTests-Info.plist";
				PRODUCT_NAME = "$(TARGET_NAME)";
				WRAPPER_EXTENSION = octest;
			};
			name = Release;
		};
/* End XCBuildConfiguration section */

/* Begin XCConfigurationList section */
		236254A31650FE2200B2A141 /* Build configuration list for PBXProject "DoubanAPICocoa" */ = {
			isa = XCConfigurationList;
			buildConfigurations = (
				236254D21650FE2300B2A141 /* Debug */,
				236254D31650FE2300B2A141 /* Release */,
			);
			defaultConfigurationIsVisible = 0;
			defaultConfigurationName = Release;
		};
		236254D41650FE2300B2A141 /* Build configuration list for PBXNativeTarget "DoubanAPICocoa" */ = {
			isa = XCConfigurationList;
			buildConfigurations = (
				236254D51650FE2300B2A141 /* Debug */,
				236254D61650FE2300B2A141 /* Release */,
			);
			defaultConfigurationIsVisible = 0;
			defaultConfigurationName = Release;
		};
		236254D71650FE2300B2A141 /* Build configuration list for PBXNativeTarget "DoubanAPICocoaTests" */ = {
			isa = XCConfigurationList;
			buildConfigurations = (
				236254D81650FE2300B2A141 /* Debug */,
				236254D91650FE2300B2A141 /* Release */,
			);
			defaultConfigurationIsVisible = 0;
			defaultConfigurationName = Release;
		};
/* End XCConfigurationList section */
	};
	rootObject = 236254A01650FE2200B2A141 /* Project object */;
}
